
Microsoft Visual Studio Solution File, Format Version 12.00
# Visual Studio 14
VisualStudioVersion = 14.0.25123.0
MinimumVisualStudioVersion = 10.0.40219.1
Project("{FAE04EC0-301F-11D3-BF4B-00C04F79EFBC}") = "CalculatorExample", "CalculatorExample\CalculatorExample.csproj", "{16747F18-0649-4F38-B7DB-69E9B37D8A56}"
EndProject
Project("{FAE04EC0-301F-11D3-BF4B-00C04F79EFBC}") = "RefactoringTest", "RefactoringTest\RefactoringTest.csproj", "{0AB9187C-C414-4E71-AFB0-75658B06E736}"
EndProject
Project("{FAE04EC0-301F-11D3-BF4B-00C04F79EFBC}") = "SimpleCSharpApp", "SimpleCSharpApp\SimpleCSharpApp.csproj", "{E5CA6D96-902A-495D-8850-819A32860C3F}"
EndProject
Project("{FAE04EC0-301F-11D3-BF4B-00C04F79EFBC}") = "BasicConsoleIO", "BasicConsoleIO\BasicConsoleIO.csproj", "{93B06289-FF50-4544-8D2B-D05995CAFA58}"
EndProject
Project("{FAE04EC0-301F-11D3-BF4B-00C04F79EFBC}") = "BasicDataTypes", "BasicDataTypes\BasicDataTypes.csproj", "{397C2C75-0DEA-4220-B60E-08435C638C3D}"
EndProject
Project("{FAE04EC0-301F-11D3-BF4B-00C04F79EFBC}") = "FunWithStrings", "FunWithStrings\FunWithStrings.csproj", "{CB2CE57D-0660-47E7-9869-32A52AE2CC02}"
EndProject
Project("{FAE04EC0-301F-11D3-BF4B-00C04F79EFBC}") = "TypeConversions", "TypeConvercions\TypeConversions.csproj", "{6EF71FE4-E289-4DD0-BD67-558051715B6F}"
EndProject
Project("{FAE04EC0-301F-11D3-BF4B-00C04F79EFBC}") = "ImplicitlyTypedLocalVars", "ImplicitlyTypedLocalVars\ImplicitlyTypedLocalVars.csproj", "{3349A885-C093-424C-9D03-3737C516CFBB}"
EndProject
Project("{FAE04EC0-301F-11D3-BF4B-00C04F79EFBC}") = "IterationsAndDecisions", "IterationsAndDecisions\IterationsAndDecisions.csproj", "{C59DFC4F-6418-42AE-9FE5-327D04FF4DD2}"
EndProject
Project("{FAE04EC0-301F-11D3-BF4B-00C04F79EFBC}") = "FunWithMethods", "FunWithMethods\FunWithMethods.csproj", "{7676BC53-78C7-479C-9AF0-394F5EE3ECBB}"
EndProject
Project("{FAE04EC0-301F-11D3-BF4B-00C04F79EFBC}") = "MethodOverloading", "MethodOverloading\MethodOverloading.csproj", "{C0FF3037-B279-487D-A554-D49BDC86F267}"
EndProject
Project("{FAE04EC0-301F-11D3-BF4B-00C04F79EFBC}") = "FunWithArrays", "FunWithArrays\FunWithArrays.csproj", "{689639E4-33BF-46EF-8AC8-D022B7483E85}"
EndProject
Project("{FAE04EC0-301F-11D3-BF4B-00C04F79EFBC}") = "FunWithEnums", "FunWithEnums\FunWithEnums.csproj", "{244C56B3-EBF1-4B40-8A9F-B5D161D03930}"
EndProject
Project("{FAE04EC0-301F-11D3-BF4B-00C04F79EFBC}") = "FunWithStructures", "FunWithStructures\FunWithStructures.csproj", "{73F21BF4-9F93-417C-8506-6B319E43D91C}"
EndProject
Project("{FAE04EC0-301F-11D3-BF4B-00C04F79EFBC}") = "ValueAndReferenceTypes", "ValueAndReferenceTypes\ValueAndReferenceTypes.csproj", "{E8C45BE5-6545-459D-8E07-C1FCF15B02AA}"
EndProject
Project("{FAE04EC0-301F-11D3-BF4B-00C04F79EFBC}") = "RefTypeValTypeParams", "RefTypeValTypeParams\RefTypeValTypeParams.csproj", "{6C1E099C-95BF-468F-9DA6-503CF8A04206}"
EndProject
Project("{FAE04EC0-301F-11D3-BF4B-00C04F79EFBC}") = "NullableTypes", "NullableTypes\NullableTypes.csproj", "{330EAF6A-05CB-4008-9BBF-2C8272FF2611}"
EndProject
Project("{FAE04EC0-301F-11D3-BF4B-00C04F79EFBC}") = "SimpleClassExample", "SimpleClassExample\SimpleClassExample.csproj", "{4D553634-1B96-488C-A5EC-3B32A0513240}"
EndProject
Project("{FAE04EC0-301F-11D3-BF4B-00C04F79EFBC}") = "StaticDataAndMembers", "StaticDataAndMembers\StaticDataAndMembers.csproj", "{7D457487-A570-4DC9-A2FF-06E55C7B41B2}"
EndProject
Project("{FAE04EC0-301F-11D3-BF4B-00C04F79EFBC}") = "SimpleUtilityClass", "SimpleUtilityClass\SimpleUtilityClass.csproj", "{6AE8F696-A7DE-406B-AE81-7BA488C25359}"
EndProject
Project("{FAE04EC0-301F-11D3-BF4B-00C04F79EFBC}") = "EmployeeApp", "EmployeeApp\EmployeeApp.csproj", "{40B7365D-9AB5-4D90-BC7C-05ED9665E8EB}"
EndProject
Project("{FAE04EC0-301F-11D3-BF4B-00C04F79EFBC}") = "AutoProps", "AutoProps\AutoProps.csproj", "{703B0B7C-BCE5-44AD-9FC6-476EC4A16568}"
EndProject
Project("{FAE04EC0-301F-11D3-BF4B-00C04F79EFBC}") = "ObjectInitializers", "ObjectInitializers\ObjectInitializers.csproj", "{8E2632D8-EFC2-4E2C-8480-D611D3FB43FC}"
EndProject
Project("{FAE04EC0-301F-11D3-BF4B-00C04F79EFBC}") = "ConstData", "ConstData\ConstData.csproj", "{8C1D0C9F-73CA-4E84-97FC-0793CDE853BD}"
EndProject
Project("{2150E333-8FDC-42A3-9474-1A3956D46DE8}") = "Chapter 6", "Chapter 6", "{7A2A8D71-9CE9-4EB3-8584-E036609793AB}"
EndProject
Project("{2150E333-8FDC-42A3-9474-1A3956D46DE8}") = "Chapter 5", "Chapter 5", "{84E90F5A-CE88-44E1-AB6D-9FAC81D5CBD6}"
EndProject
Project("{2150E333-8FDC-42A3-9474-1A3956D46DE8}") = "Chapter 4", "Chapter 4", "{0ECA8618-459F-4951-95FE-5ACD2D607844}"
EndProject
Project("{2150E333-8FDC-42A3-9474-1A3956D46DE8}") = "Chapter 3", "Chapter 3", "{CCA04C56-FA9F-4FBB-B987-F73F47B9B176}"
	ProjectSection(SolutionItems) = preProject
		IssuesWithNongenericCollections\Person.cs = IssuesWithNongenericCollections\Person.cs
	EndProjectSection
EndProject
Project("{2150E333-8FDC-42A3-9474-1A3956D46DE8}") = "Chapter 2", "Chapter 2", "{00653F79-5CEA-41F6-ACB6-F86FC7018759}"
EndProject
Project("{2150E333-8FDC-42A3-9474-1A3956D46DE8}") = "Chapter 1", "Chapter 1", "{C9A4CD79-CBB7-48BD-B8E4-A6A339DBD477}"
EndProject
Project("{FAE04EC0-301F-11D3-BF4B-00C04F79EFBC}") = "EmployeeAppPartial", "EmployeeAppPartial\EmployeeAppPartial.csproj", "{4316E7D2-1D72-4BF4-8AE3-3F427A0B1FEF}"
EndProject
Project("{FAE04EC0-301F-11D3-BF4B-00C04F79EFBC}") = "BasicInheritance", "BasicInheritance\BasicInheritance.csproj", "{BDED0C47-0971-4938-8CCC-CB78B4B39B98}"
EndProject
Project("{FAE04EC0-301F-11D3-BF4B-00C04F79EFBC}") = "Employees", "Employees\Employees.csproj", "{B71A08EB-5D60-4D08-9191-7D80E7106FCE}"
EndProject
Project("{FAE04EC0-301F-11D3-BF4B-00C04F79EFBC}") = "Shapes", "Shapes\Shapes.csproj", "{4C7F9A35-9CC1-4373-9BAC-22900A611E6C}"
EndProject
Project("{FAE04EC0-301F-11D3-BF4B-00C04F79EFBC}") = "ObjectOverrides", "ObjectOverrides\ObjectOverrides.csproj", "{2E5A5900-9A18-4C68-907D-CDFC368863C8}"
EndProject
Project("{2150E333-8FDC-42A3-9474-1A3956D46DE8}") = "Chapter 7", "Chapter 7", "{04FF017E-288C-488E-84EA-12A2681BC7C1}"
EndProject
Project("{FAE04EC0-301F-11D3-BF4B-00C04F79EFBC}") = "simpleExeption", "simpleExeption\simpleExeption.csproj", "{484B4105-7AB4-4014-AFFA-9CEAB2F3124C}"
EndProject
Project("{FAE04EC0-301F-11D3-BF4B-00C04F79EFBC}") = "CustomException", "CustomException\CustomException.csproj", "{474FC49B-94A7-41A0-AE4E-EA2C1D7DCD67}"
EndProject
Project("{FAE04EC0-301F-11D3-BF4B-00C04F79EFBC}") = "ProcessMultipleExceptions", "ProcessMultipleExceptions\ProcessMultipleExceptions.csproj", "{F06F9199-84CD-439C-A3E4-B4333761526E}"
EndProject
Project("{2150E333-8FDC-42A3-9474-1A3956D46DE8}") = "Chapter 8", "Chapter 8", "{B0F95F55-BEFA-44D8-9C5A-A34EEF66F384}"
EndProject
Project("{FAE04EC0-301F-11D3-BF4B-00C04F79EFBC}") = "ICloneableExample", "ICloneableExample\ICloneableExample.csproj", "{AAE63DEE-B4B4-48A2-8B34-971CBE410D9F}"
EndProject
Project("{FAE04EC0-301F-11D3-BF4B-00C04F79EFBC}") = "CustomInterface", "CustomInterface\CustomInterface.csproj", "{C2F9D80D-006F-4AD9-BF4F-213F1BD91BDE}"
EndProject
Project("{FAE04EC0-301F-11D3-BF4B-00C04F79EFBC}") = "InterfaceNameClash", "InterfaceNameClash\InterfaceNameClash.csproj", "{102207BC-6FFC-40BF-8DD9-E8E0C507066A}"
EndProject
Project("{FAE04EC0-301F-11D3-BF4B-00C04F79EFBC}") = "InterfaceHierarchy", "InterfaceHierarchy\InterfaceHierarchy.csproj", "{E9E6C182-104E-4CD4-946A-930A37215315}"
EndProject
Project("{FAE04EC0-301F-11D3-BF4B-00C04F79EFBC}") = "MlInterfaceHierarchy", "MlInterfaceHierarchy\MlInterfaceHierarchy.csproj", "{8FA17A6E-2848-4A2C-AC40-0D87665EBBAA}"
EndProject
Project("{FAE04EC0-301F-11D3-BF4B-00C04F79EFBC}") = "CustomEnumerator", "CustomEnumerator\CustomEnumerator.csproj", "{BD54DB7F-4B8A-42EA-BD91-9E6E64495DBA}"
EndProject
Project("{FAE04EC0-301F-11D3-BF4B-00C04F79EFBC}") = "CustomEnumeratorWithYield", "CustomEnumeratorWithYield\CustomEnumeratorWithYield.csproj", "{16E9C8D1-D009-4523-B3BA-9FE600419BD7}"
EndProject
Project("{FAE04EC0-301F-11D3-BF4B-00C04F79EFBC}") = "CloneablePoint", "CloneablePoint\CloneablePoint.csproj", "{DA7DA655-D955-4AE3-8638-C1169143B4D5}"
EndProject
Project("{FAE04EC0-301F-11D3-BF4B-00C04F79EFBC}") = "ComparableCar", "ComparableCar\ComparableCar.csproj", "{E7556178-54B3-4275-8E0A-918E880F5ECF}"
EndProject
Project("{2150E333-8FDC-42A3-9474-1A3956D46DE8}") = "Chapter 9", "Chapter 9", "{C895FE85-E2E9-4E12-BF0A-3DB57327F378}"
EndProject
Project("{FAE04EC0-301F-11D3-BF4B-00C04F79EFBC}") = "IssuesWithNongenericCollections", "IssuesWithNongenericCollections\IssuesWithNongenericCollections.csproj", "{DDF96C64-CEA5-438A-9057-0E5FA779153A}"
EndProject
Project("{FAE04EC0-301F-11D3-BF4B-00C04F79EFBC}") = "FunWithGenericCollections", "FunWithGenericCollections\FunWithGenericCollections.csproj", "{1478DBCB-40EB-48C3-92C7-B2CC11BB8D1E}"
EndProject
Project("{FAE04EC0-301F-11D3-BF4B-00C04F79EFBC}") = "FunWithObservableCollection", "FunWithObservableCollection\FunWithObservableCollection.csproj", "{49FE4BB9-0351-46AC-ABE9-B6E428F3CF63}"
EndProject
Project("{FAE04EC0-301F-11D3-BF4B-00C04F79EFBC}") = "CustomGenericMethods", "CustomGenericMethods\CustomGenericMethods.csproj", "{636C1262-4876-4B94-8134-A62EB974B24B}"
EndProject
Project("{FAE04EC0-301F-11D3-BF4B-00C04F79EFBC}") = "GenericPoint", "GenericPoint\GenericPoint.csproj", "{096C139F-7380-41E7-B46D-10191F669A6A}"
EndProject
Project("{FAE04EC0-301F-11D3-BF4B-00C04F79EFBC}") = "SimpleDelegate", "SimpleDelegate\SimpleDelegate.csproj", "{37418614-D440-42CB-B953-C197BE89887F}"
EndProject
Project("{FAE04EC0-301F-11D3-BF4B-00C04F79EFBC}") = "CarDelegate", "CarDelegate\CarDelegate.csproj", "{B2302816-F7E5-476E-B182-4E4D31F09920}"
EndProject
Project("{FAE04EC0-301F-11D3-BF4B-00C04F79EFBC}") = "CarDelegateMethodGroupConversion", "CarDelegateMethodGroupConversion\CarDelegateMethodGroupConversion.csproj", "{BA33616C-1535-499E-91DA-3A439BF9710A}"
EndProject
Project("{2150E333-8FDC-42A3-9474-1A3956D46DE8}") = "Chapter 10", "Chapter 10", "{E4B388F4-CF65-4F45-8E9F-3ECDAB4450D5}"
EndProject
Project("{FAE04EC0-301F-11D3-BF4B-00C04F79EFBC}") = "GenericDelegate", "GenericDelegate\GenericDelegate.csproj", "{C15A7E5C-D3E5-4357-9730-740BC2BF38A7}"
EndProject
Project("{FAE04EC0-301F-11D3-BF4B-00C04F79EFBC}") = "ActionAndFuncDelegates", "ActionAndFuncDelegates\ActionAndFuncDelegates.csproj", "{9200D712-0C98-460C-B00D-FA04CD10CA96}"
EndProject
Project("{FAE04EC0-301F-11D3-BF4B-00C04F79EFBC}") = "PublicDelegateProblem", "PublicDelegateProblem\PublicDelegateProblem.csproj", "{2CAA62D4-7093-4D6D-99C4-A44243D3260B}"
EndProject
Project("{FAE04EC0-301F-11D3-BF4B-00C04F79EFBC}") = "CarEvents", "CarEvents\CarEvents.csproj", "{6120C871-5F42-4895-B0AA-5BDAC353A3B7}"
EndProject
Project("{FAE04EC0-301F-11D3-BF4B-00C04F79EFBC}") = "PrimAndProperCarEvents", "PrimAndProperCarEvents\PrimAndProperCarEvents.csproj", "{12178554-3093-4568-BB75-3607AB13D52A}"
EndProject
Project("{FAE04EC0-301F-11D3-BF4B-00C04F79EFBC}") = "GenericPrimAndProperCarEvents", "GenericPrimAndProperCarEvents\GenericPrimAndProperCarEvents.csproj", "{DABB8D01-CB84-42B7-8F0D-30D9AAFC040C}"
EndProject
Project("{FAE04EC0-301F-11D3-BF4B-00C04F79EFBC}") = "AnonymousMethods", "AnonymousMethods\AnonymousMethods.csproj", "{27BAA1B6-932C-40C7-9F55-8A1CA061B5FB}"
EndProject
Project("{FAE04EC0-301F-11D3-BF4B-00C04F79EFBC}") = "SimpleLambdaExpressions", "SimpleLambdaExpressions\SimpleLambdaExpressions.csproj", "{A22C9776-30AB-47A4-A469-6949F6E9E76F}"
EndProject
Project("{FAE04EC0-301F-11D3-BF4B-00C04F79EFBC}") = "LambdaExpresionsMultipleParams", "LambdaExpresionsMultipleParams\LambdaExpresionsMultipleParams.csproj", "{87650C07-DDAC-4CC0-A001-37AF0F0BEBDD}"
EndProject
Project("{FAE04EC0-301F-11D3-BF4B-00C04F79EFBC}") = "CarEventsWithLambdas", "CarEventsWithLambdas\CarEventsWithLambdas.csproj", "{517267E5-7BF8-4E09-92FC-9C9F39693DBF}"
EndProject
Project("{2150E333-8FDC-42A3-9474-1A3956D46DE8}") = "Chapter 11", "Chapter 11", "{F006A112-86D3-4C6D-83B4-C48F6A4629B1}"
EndProject
Project("{FAE04EC0-301F-11D3-BF4B-00C04F79EFBC}") = "SimpleIndexer", "SimpleIndexer\SimpleIndexer.csproj", "{C113024B-D203-44E3-AE91-9D20CCDBBCDD}"
EndProject
Project("{FAE04EC0-301F-11D3-BF4B-00C04F79EFBC}") = "StringIndexer", "StringIndexer\StringIndexer.csproj", "{0D99DC85-B952-4000-AC83-467630242996}"
EndProject
Project("{FAE04EC0-301F-11D3-BF4B-00C04F79EFBC}") = "OverloadedOps", "OverloadedOps\OverloadedOps.csproj", "{06EE50B1-6CAE-4208-8FB4-DDE9DB354A73}"
EndProject
Project("{FAE04EC0-301F-11D3-BF4B-00C04F79EFBC}") = "CustomConversions", "CustomConversions\CustomConversions.csproj", "{2B2D4003-5F14-43DF-B24D-3AFEBAF1D73B}"
EndProject
Project("{FAE04EC0-301F-11D3-BF4B-00C04F79EFBC}") = "ExtentionMethods", "ExtentionMethods\ExtentionMethods.csproj", "{95964048-B86B-4B46-81F3-1841C1CCA3B3}"
EndProject
Project("{FAE04EC0-301F-11D3-BF4B-00C04F79EFBC}") = "InterfaceExtentions", "InterfaceExtentions\InterfaceExtentions.csproj", "{31013C1D-7BDE-4968-8A35-6E147434C32A}"
EndProject
Project("{FAE04EC0-301F-11D3-BF4B-00C04F79EFBC}") = "AnonymousTypes", "AnonymousTypes\AnonymousTypes.csproj", "{0A6868F0-4C18-4FBE-A21E-6DCA55D81B8B}"
EndProject
Project("{FAE04EC0-301F-11D3-BF4B-00C04F79EFBC}") = "UnsafeCode", "UnsafeCode\UnsafeCode.csproj", "{791D52D5-31EA-4C0A-B0B9-334B7F839351}"
EndProject
Project("{2150E333-8FDC-42A3-9474-1A3956D46DE8}") = "Chapter 12", "Chapter 12", "{4CB010F1-2F96-41AF-9964-428006514577}"
EndProject
Project("{FAE04EC0-301F-11D3-BF4B-00C04F79EFBC}") = "LinqOverArray", "LinqOverArray\LinqOverArray.csproj", "{8C5CBB79-D76E-457E-91D2-7E90064EFE52}"
EndProject
Project("{FAE04EC0-301F-11D3-BF4B-00C04F79EFBC}") = "LinkRetValues", "LinkRetValues\LinkRetValues.csproj", "{0232BD2A-AA46-406B-B271-9516C55010DB}"
EndProject
Project("{FAE04EC0-301F-11D3-BF4B-00C04F79EFBC}") = "LinqOverCollections", "LinqOverCollections\LinqOverCollections.csproj", "{F31FABE6-52EA-4BD0-9128-33F6EF6C0D47}"
EndProject
Project("{FAE04EC0-301F-11D3-BF4B-00C04F79EFBC}") = "FunWithLinqExpressions", "FunWithLinqExpressions\FunWithLinqExpressions.csproj", "{4CB138A1-D7CA-423E-AB7A-EA9CD9EB207F}"
EndProject
Project("{FAE04EC0-301F-11D3-BF4B-00C04F79EFBC}") = "LinqUsingEnumerable", "LinqUsingEnumerable\LinqUsingEnumerable.csproj", "{49F52CA3-22AF-496B-B527-38056319A833}"
EndProject
Project("{2150E333-8FDC-42A3-9474-1A3956D46DE8}") = "Chapter 13", "Chapter 13", "{B069E0FD-6FBB-4456-B41D-FBD55DE971DF}"
EndProject
Project("{FAE04EC0-301F-11D3-BF4B-00C04F79EFBC}") = "SimpleGC", "SimpleGC\SimpleGC.csproj", "{D4A079B9-24FA-4C7C-8E3C-562B10C9C95A}"
EndProject
Project("{FAE04EC0-301F-11D3-BF4B-00C04F79EFBC}") = "SimpleFinalize", "SimpleFinalize\SimpleFinalize.csproj", "{DFA87143-523D-49A3-BA77-63944C5BBC2E}"
EndProject
Project("{FAE04EC0-301F-11D3-BF4B-00C04F79EFBC}") = "SimpleDispose", "SimpleDispose\SimpleDispose.csproj", "{DF6C5400-2DA3-412B-8A0E-118C13669F54}"
EndProject
Project("{FAE04EC0-301F-11D3-BF4B-00C04F79EFBC}") = "FinalizableDisposableClass", "FinalizableDisposableClass\FinalizableDisposableClass.csproj", "{66A1B47E-AFFA-4324-BAFD-C07DD8F30A64}"
EndProject
Project("{FAE04EC0-301F-11D3-BF4B-00C04F79EFBC}") = "LazyObjectInstantiation", "LazyObjectInstantiation\LazyObjectInstantiation.csproj", "{F6A05EF8-E7ED-4D6A-B93E-8D5C1F8F3B98}"
EndProject
Project("{2150E333-8FDC-42A3-9474-1A3956D46DE8}") = "Chapter 14", "Chapter 14", "{554B8347-E9D9-4216-9F83-D2491CA52B60}"
EndProject
Project("{FAE04EC0-301F-11D3-BF4B-00C04F79EFBC}") = "CustomNameSpaces", "CustomNameSpaces\CustomNameSpaces.csproj", "{9115B13A-46D9-492C-A9FC-F88983B4EBDF}"
EndProject
Project("{FAE04EC0-301F-11D3-BF4B-00C04F79EFBC}") = "CarLibrary", "CarLibrary\CarLibrary.csproj", "{B8E1A4D6-8198-4E85-B268-F6F0BC5A0A7C}"
EndProject
Project("{FAE04EC0-301F-11D3-BF4B-00C04F79EFBC}") = "CSharpCarClient", "CSharpCarClient\CSharpCarClient.csproj", "{93E85898-2CE5-407C-821A-1B6D8F264D67}"
EndProject
Project("{F184B08F-C81C-45F6-A57F-5ABD9991F28F}") = "VisualBasicCarClient", "VisualBasicCarClient\VisualBasicCarClient.vbproj", "{E5BF3D07-5CFA-4E49-8D83-D804ECC35E45}"
EndProject
Project("{FAE04EC0-301F-11D3-BF4B-00C04F79EFBC}") = "SharedCarLibClient", "SharedCarLibClient\SharedCarLibClient.csproj", "{0B6028D0-9217-4BF4-BC95-25854D36DCAE}"
EndProject
Project("{FAE04EC0-301F-11D3-BF4B-00C04F79EFBC}") = "CodeBaseClient", "CodeBaseClient\CodeBaseClient.csproj", "{E8340DD2-537A-4DBB-AE47-386F9DD6E9AC}"
EndProject
Project("{FAE04EC0-301F-11D3-BF4B-00C04F79EFBC}") = "AppConfigReaderApp", "AppConfigReaderApp\AppConfigReaderApp.csproj", "{0D2CCAAF-399B-42DA-BF45-6C1849D14C54}"
EndProject
Project("{2150E333-8FDC-42A3-9474-1A3956D46DE8}") = "Chapter 15", "Chapter 15", "{1EEA1420-028A-417C-95FA-F470B30917DB}"
EndProject
Project("{FAE04EC0-301F-11D3-BF4B-00C04F79EFBC}") = "MyTypeViewer", "MyTypeViewer\MyTypeViewer.csproj", "{AFE1EE65-028C-4490-8BA8-F77D3CF0B5CC}"
EndProject
Project("{FAE04EC0-301F-11D3-BF4B-00C04F79EFBC}") = "ExternalAssembleyReflector", "ExternalAssembleyReflector\ExternalAssembleyReflector.csproj", "{01C98671-EFE8-4F2D-A19E-239F4E42AB95}"
EndProject
Project("{FAE04EC0-301F-11D3-BF4B-00C04F79EFBC}") = "SharedAsmReflector", "SharedAsmReflector\SharedAsmReflector.csproj", "{9CDC977B-893C-4EDF-97B2-EC31CB91DE4D}"
EndProject
Project("{FAE04EC0-301F-11D3-BF4B-00C04F79EFBC}") = "LateBinding", "LateBinding\LateBinding.csproj", "{E4666811-0085-4C60-B274-FF5D123496EE}"
EndProject
Project("{FAE04EC0-301F-11D3-BF4B-00C04F79EFBC}") = "ApplyingAttributes", "ApplyingAttributes\ApplyingAttributes.csproj", "{2ABD4381-3D3E-4D13-9D0D-DB99B5F2D3F1}"
EndProject
Project("{FAE04EC0-301F-11D3-BF4B-00C04F79EFBC}") = "AttributedCarLibrary", "AttributedCarLibrary\AttributedCarLibrary.csproj", "{4F71D91D-E28F-4B30-8BD8-97366F3EDA05}"
EndProject
Project("{FAE04EC0-301F-11D3-BF4B-00C04F79EFBC}") = "VehicleDescriptionAttributeReader", "VehicleDescriptionAttributeReader\VehicleDescriptionAttributeReader.csproj", "{8669A916-844D-4D3F-B053-30300E3F16D4}"
EndProject
Project("{FAE04EC0-301F-11D3-BF4B-00C04F79EFBC}") = "VehicleDescriptionAttributrReaderLateBinding", "VehicleDescriptionAttributrReaderLateBinding\VehicleDescriptionAttributrReaderLateBinding.csproj", "{E9291923-6F41-446B-8521-454E2760BBE1}"
EndProject
Project("{FAE04EC0-301F-11D3-BF4B-00C04F79EFBC}") = "CommonSnappableTypes", "CommonSnappableTypes\CommonSnappableTypes.csproj", "{7864DDC5-5CB7-4BA2-BAF4-8B5322A67FCE}"
EndProject
Project("{FAE04EC0-301F-11D3-BF4B-00C04F79EFBC}") = "CShapSnapIn", "CShapSnapIn\CShapSnapIn.csproj", "{74E17F26-6B01-483E-A3CE-A15419208961}"
EndProject
Project("{F184B08F-C81C-45F6-A57F-5ABD9991F28F}") = "VbSnapIn", "VbSnapIn\VbSnapIn.vbproj", "{7CFEEF7E-A54F-47A9-84A7-05C144E1F329}"
EndProject
Project("{FAE04EC0-301F-11D3-BF4B-00C04F79EFBC}") = "MyExtendableApp", "MyExtendableApp\MyExtendableApp.csproj", "{2804ABC6-771C-4B77-A4B1-6EFBFF000918}"
EndProject
Project("{2150E333-8FDC-42A3-9474-1A3956D46DE8}") = "Chapter 16", "Chapter 16", "{BFF4B56F-0F50-44A5-976F-F1A4FECCEC52}"
EndProject
Project("{FAE04EC0-301F-11D3-BF4B-00C04F79EFBC}") = "DynamicKeyword", "DynamicKeyword\DynamicKeyword.csproj", "{AC92F9EA-DAF5-42DC-9CC1-9511ECDE1C73}"
EndProject
Project("{FAE04EC0-301F-11D3-BF4B-00C04F79EFBC}") = "LateBindingWithDynamic", "LateBindingWithDynamic\LateBindingWithDynamic.csproj", "{3E598998-B70C-4B2C-98E4-3A7C5B2B09E4}"
EndProject
Project("{FAE04EC0-301F-11D3-BF4B-00C04F79EFBC}") = "MathLibarary", "MathLibarary\MathLibarary.csproj", "{0DB5B232-0A05-4B9A-A052-6049B5C92A50}"
EndProject
Project("{2150E333-8FDC-42A3-9474-1A3956D46DE8}") = "Chapter 17", "Chapter 17", "{EF4A0C04-51A8-454D-855C-C67AFC1D1E26}"
EndProject
Project("{FAE04EC0-301F-11D3-BF4B-00C04F79EFBC}") = "ProccesManipulator", "ProccesManipulator\ProccesManipulator.csproj", "{D6AE5971-F2D8-4CD5-8D00-3C99E5E7C95F}"
EndProject
Project("{FAE04EC0-301F-11D3-BF4B-00C04F79EFBC}") = "DefaultAppDomainapp", "DefaultAppDomainapp\DefaultAppDomainapp.csproj", "{21B0CE5C-F83F-4417-9D88-914DA0B2E220}"
EndProject
Project("{FAE04EC0-301F-11D3-BF4B-00C04F79EFBC}") = "CustomAppDomains", "CustomAppDomains\CustomAppDomains.csproj", "{40F88E1A-0EDB-4209-BEE6-16D21FCCDDA1}"
EndProject
Project("{FAE04EC0-301F-11D3-BF4B-00C04F79EFBC}") = "ObjectContextApp", "ObjectContextApp\ObjectContextApp.csproj", "{98297DD3-AA62-4254-87A5-A6E4DBA2E9F5}"
EndProject
Project("{2150E333-8FDC-42A3-9474-1A3956D46DE8}") = "Chapter 18", "Chapter 18", "{4B6A5E27-96CD-44F2-ABD5-E19B3C5C10C0}"
EndProject
Global
	GlobalSection(SolutionConfigurationPlatforms) = preSolution
		Debug|Any CPU = Debug|Any CPU
		Release|Any CPU = Release|Any CPU
	EndGlobalSection
	GlobalSection(ProjectConfigurationPlatforms) = postSolution
		{16747F18-0649-4F38-B7DB-69E9B37D8A56}.Debug|Any CPU.ActiveCfg = Debug|Any CPU
		{16747F18-0649-4F38-B7DB-69E9B37D8A56}.Debug|Any CPU.Build.0 = Debug|Any CPU
		{16747F18-0649-4F38-B7DB-69E9B37D8A56}.Release|Any CPU.ActiveCfg = Release|Any CPU
		{16747F18-0649-4F38-B7DB-69E9B37D8A56}.Release|Any CPU.Build.0 = Release|Any CPU
		{0AB9187C-C414-4E71-AFB0-75658B06E736}.Debug|Any CPU.ActiveCfg = Debug|Any CPU
		{0AB9187C-C414-4E71-AFB0-75658B06E736}.Debug|Any CPU.Build.0 = Debug|Any CPU
		{0AB9187C-C414-4E71-AFB0-75658B06E736}.Release|Any CPU.ActiveCfg = Release|Any CPU
		{0AB9187C-C414-4E71-AFB0-75658B06E736}.Release|Any CPU.Build.0 = Release|Any CPU
		{E5CA6D96-902A-495D-8850-819A32860C3F}.Debug|Any CPU.ActiveCfg = Debug|Any CPU
		{E5CA6D96-902A-495D-8850-819A32860C3F}.Debug|Any CPU.Build.0 = Debug|Any CPU
		{E5CA6D96-902A-495D-8850-819A32860C3F}.Release|Any CPU.ActiveCfg = Release|Any CPU
		{E5CA6D96-902A-495D-8850-819A32860C3F}.Release|Any CPU.Build.0 = Release|Any CPU
		{93B06289-FF50-4544-8D2B-D05995CAFA58}.Debug|Any CPU.ActiveCfg = Debug|Any CPU
		{93B06289-FF50-4544-8D2B-D05995CAFA58}.Debug|Any CPU.Build.0 = Debug|Any CPU
		{93B06289-FF50-4544-8D2B-D05995CAFA58}.Release|Any CPU.ActiveCfg = Release|Any CPU
		{93B06289-FF50-4544-8D2B-D05995CAFA58}.Release|Any CPU.Build.0 = Release|Any CPU
		{397C2C75-0DEA-4220-B60E-08435C638C3D}.Debug|Any CPU.ActiveCfg = Debug|Any CPU
		{397C2C75-0DEA-4220-B60E-08435C638C3D}.Debug|Any CPU.Build.0 = Debug|Any CPU
		{397C2C75-0DEA-4220-B60E-08435C638C3D}.Release|Any CPU.ActiveCfg = Release|Any CPU
		{397C2C75-0DEA-4220-B60E-08435C638C3D}.Release|Any CPU.Build.0 = Release|Any CPU
		{CB2CE57D-0660-47E7-9869-32A52AE2CC02}.Debug|Any CPU.ActiveCfg = Debug|Any CPU
		{CB2CE57D-0660-47E7-9869-32A52AE2CC02}.Debug|Any CPU.Build.0 = Debug|Any CPU
		{CB2CE57D-0660-47E7-9869-32A52AE2CC02}.Release|Any CPU.ActiveCfg = Release|Any CPU
		{CB2CE57D-0660-47E7-9869-32A52AE2CC02}.Release|Any CPU.Build.0 = Release|Any CPU
		{6EF71FE4-E289-4DD0-BD67-558051715B6F}.Debug|Any CPU.ActiveCfg = Debug|Any CPU
		{6EF71FE4-E289-4DD0-BD67-558051715B6F}.Debug|Any CPU.Build.0 = Debug|Any CPU
		{6EF71FE4-E289-4DD0-BD67-558051715B6F}.Release|Any CPU.ActiveCfg = Release|Any CPU
		{6EF71FE4-E289-4DD0-BD67-558051715B6F}.Release|Any CPU.Build.0 = Release|Any CPU
		{3349A885-C093-424C-9D03-3737C516CFBB}.Debug|Any CPU.ActiveCfg = Debug|Any CPU
		{3349A885-C093-424C-9D03-3737C516CFBB}.Debug|Any CPU.Build.0 = Debug|Any CPU
		{3349A885-C093-424C-9D03-3737C516CFBB}.Release|Any CPU.ActiveCfg = Release|Any CPU
		{3349A885-C093-424C-9D03-3737C516CFBB}.Release|Any CPU.Build.0 = Release|Any CPU
		{C59DFC4F-6418-42AE-9FE5-327D04FF4DD2}.Debug|Any CPU.ActiveCfg = Debug|Any CPU
		{C59DFC4F-6418-42AE-9FE5-327D04FF4DD2}.Debug|Any CPU.Build.0 = Debug|Any CPU
		{C59DFC4F-6418-42AE-9FE5-327D04FF4DD2}.Release|Any CPU.ActiveCfg = Release|Any CPU
		{C59DFC4F-6418-42AE-9FE5-327D04FF4DD2}.Release|Any CPU.Build.0 = Release|Any CPU
		{7676BC53-78C7-479C-9AF0-394F5EE3ECBB}.Debug|Any CPU.ActiveCfg = Debug|Any CPU
		{7676BC53-78C7-479C-9AF0-394F5EE3ECBB}.Debug|Any CPU.Build.0 = Debug|Any CPU
		{7676BC53-78C7-479C-9AF0-394F5EE3ECBB}.Release|Any CPU.ActiveCfg = Release|Any CPU
		{7676BC53-78C7-479C-9AF0-394F5EE3ECBB}.Release|Any CPU.Build.0 = Release|Any CPU
		{C0FF3037-B279-487D-A554-D49BDC86F267}.Debug|Any CPU.ActiveCfg = Debug|Any CPU
		{C0FF3037-B279-487D-A554-D49BDC86F267}.Debug|Any CPU.Build.0 = Debug|Any CPU
		{C0FF3037-B279-487D-A554-D49BDC86F267}.Release|Any CPU.ActiveCfg = Release|Any CPU
		{C0FF3037-B279-487D-A554-D49BDC86F267}.Release|Any CPU.Build.0 = Release|Any CPU
		{689639E4-33BF-46EF-8AC8-D022B7483E85}.Debug|Any CPU.ActiveCfg = Debug|Any CPU
		{689639E4-33BF-46EF-8AC8-D022B7483E85}.Debug|Any CPU.Build.0 = Debug|Any CPU
		{689639E4-33BF-46EF-8AC8-D022B7483E85}.Release|Any CPU.ActiveCfg = Release|Any CPU
		{689639E4-33BF-46EF-8AC8-D022B7483E85}.Release|Any CPU.Build.0 = Release|Any CPU
		{244C56B3-EBF1-4B40-8A9F-B5D161D03930}.Debug|Any CPU.ActiveCfg = Debug|Any CPU
		{244C56B3-EBF1-4B40-8A9F-B5D161D03930}.Debug|Any CPU.Build.0 = Debug|Any CPU
		{244C56B3-EBF1-4B40-8A9F-B5D161D03930}.Release|Any CPU.ActiveCfg = Release|Any CPU
		{244C56B3-EBF1-4B40-8A9F-B5D161D03930}.Release|Any CPU.Build.0 = Release|Any CPU
		{73F21BF4-9F93-417C-8506-6B319E43D91C}.Debug|Any CPU.ActiveCfg = Debug|Any CPU
		{73F21BF4-9F93-417C-8506-6B319E43D91C}.Debug|Any CPU.Build.0 = Debug|Any CPU
		{73F21BF4-9F93-417C-8506-6B319E43D91C}.Release|Any CPU.ActiveCfg = Release|Any CPU
		{73F21BF4-9F93-417C-8506-6B319E43D91C}.Release|Any CPU.Build.0 = Release|Any CPU
		{E8C45BE5-6545-459D-8E07-C1FCF15B02AA}.Debug|Any CPU.ActiveCfg = Debug|Any CPU
		{E8C45BE5-6545-459D-8E07-C1FCF15B02AA}.Debug|Any CPU.Build.0 = Debug|Any CPU
		{E8C45BE5-6545-459D-8E07-C1FCF15B02AA}.Release|Any CPU.ActiveCfg = Release|Any CPU
		{E8C45BE5-6545-459D-8E07-C1FCF15B02AA}.Release|Any CPU.Build.0 = Release|Any CPU
		{6C1E099C-95BF-468F-9DA6-503CF8A04206}.Debug|Any CPU.ActiveCfg = Debug|Any CPU
		{6C1E099C-95BF-468F-9DA6-503CF8A04206}.Debug|Any CPU.Build.0 = Debug|Any CPU
		{6C1E099C-95BF-468F-9DA6-503CF8A04206}.Release|Any CPU.ActiveCfg = Release|Any CPU
		{6C1E099C-95BF-468F-9DA6-503CF8A04206}.Release|Any CPU.Build.0 = Release|Any CPU
		{330EAF6A-05CB-4008-9BBF-2C8272FF2611}.Debug|Any CPU.ActiveCfg = Debug|Any CPU
		{330EAF6A-05CB-4008-9BBF-2C8272FF2611}.Debug|Any CPU.Build.0 = Debug|Any CPU
		{330EAF6A-05CB-4008-9BBF-2C8272FF2611}.Release|Any CPU.ActiveCfg = Release|Any CPU
		{330EAF6A-05CB-4008-9BBF-2C8272FF2611}.Release|Any CPU.Build.0 = Release|Any CPU
		{4D553634-1B96-488C-A5EC-3B32A0513240}.Debug|Any CPU.ActiveCfg = Debug|Any CPU
		{4D553634-1B96-488C-A5EC-3B32A0513240}.Debug|Any CPU.Build.0 = Debug|Any CPU
		{4D553634-1B96-488C-A5EC-3B32A0513240}.Release|Any CPU.ActiveCfg = Release|Any CPU
		{4D553634-1B96-488C-A5EC-3B32A0513240}.Release|Any CPU.Build.0 = Release|Any CPU
		{7D457487-A570-4DC9-A2FF-06E55C7B41B2}.Debug|Any CPU.ActiveCfg = Debug|Any CPU
		{7D457487-A570-4DC9-A2FF-06E55C7B41B2}.Debug|Any CPU.Build.0 = Debug|Any CPU
		{7D457487-A570-4DC9-A2FF-06E55C7B41B2}.Release|Any CPU.ActiveCfg = Release|Any CPU
		{7D457487-A570-4DC9-A2FF-06E55C7B41B2}.Release|Any CPU.Build.0 = Release|Any CPU
		{6AE8F696-A7DE-406B-AE81-7BA488C25359}.Debug|Any CPU.ActiveCfg = Debug|Any CPU
		{6AE8F696-A7DE-406B-AE81-7BA488C25359}.Debug|Any CPU.Build.0 = Debug|Any CPU
		{6AE8F696-A7DE-406B-AE81-7BA488C25359}.Release|Any CPU.ActiveCfg = Release|Any CPU
		{6AE8F696-A7DE-406B-AE81-7BA488C25359}.Release|Any CPU.Build.0 = Release|Any CPU
		{40B7365D-9AB5-4D90-BC7C-05ED9665E8EB}.Debug|Any CPU.ActiveCfg = Debug|Any CPU
		{40B7365D-9AB5-4D90-BC7C-05ED9665E8EB}.Debug|Any CPU.Build.0 = Debug|Any CPU
		{40B7365D-9AB5-4D90-BC7C-05ED9665E8EB}.Release|Any CPU.ActiveCfg = Release|Any CPU
		{40B7365D-9AB5-4D90-BC7C-05ED9665E8EB}.Release|Any CPU.Build.0 = Release|Any CPU
		{703B0B7C-BCE5-44AD-9FC6-476EC4A16568}.Debug|Any CPU.ActiveCfg = Debug|Any CPU
		{703B0B7C-BCE5-44AD-9FC6-476EC4A16568}.Debug|Any CPU.Build.0 = Debug|Any CPU
		{703B0B7C-BCE5-44AD-9FC6-476EC4A16568}.Release|Any CPU.ActiveCfg = Release|Any CPU
		{703B0B7C-BCE5-44AD-9FC6-476EC4A16568}.Release|Any CPU.Build.0 = Release|Any CPU
		{8E2632D8-EFC2-4E2C-8480-D611D3FB43FC}.Debug|Any CPU.ActiveCfg = Debug|Any CPU
		{8E2632D8-EFC2-4E2C-8480-D611D3FB43FC}.Debug|Any CPU.Build.0 = Debug|Any CPU
		{8E2632D8-EFC2-4E2C-8480-D611D3FB43FC}.Release|Any CPU.ActiveCfg = Release|Any CPU
		{8E2632D8-EFC2-4E2C-8480-D611D3FB43FC}.Release|Any CPU.Build.0 = Release|Any CPU
		{8C1D0C9F-73CA-4E84-97FC-0793CDE853BD}.Debug|Any CPU.ActiveCfg = Debug|Any CPU
		{8C1D0C9F-73CA-4E84-97FC-0793CDE853BD}.Debug|Any CPU.Build.0 = Debug|Any CPU
		{8C1D0C9F-73CA-4E84-97FC-0793CDE853BD}.Release|Any CPU.ActiveCfg = Release|Any CPU
		{8C1D0C9F-73CA-4E84-97FC-0793CDE853BD}.Release|Any CPU.Build.0 = Release|Any CPU
		{4316E7D2-1D72-4BF4-8AE3-3F427A0B1FEF}.Debug|Any CPU.ActiveCfg = Debug|Any CPU
		{4316E7D2-1D72-4BF4-8AE3-3F427A0B1FEF}.Debug|Any CPU.Build.0 = Debug|Any CPU
		{4316E7D2-1D72-4BF4-8AE3-3F427A0B1FEF}.Release|Any CPU.ActiveCfg = Release|Any CPU
		{4316E7D2-1D72-4BF4-8AE3-3F427A0B1FEF}.Release|Any CPU.Build.0 = Release|Any CPU
		{BDED0C47-0971-4938-8CCC-CB78B4B39B98}.Debug|Any CPU.ActiveCfg = Debug|Any CPU
		{BDED0C47-0971-4938-8CCC-CB78B4B39B98}.Debug|Any CPU.Build.0 = Debug|Any CPU
		{BDED0C47-0971-4938-8CCC-CB78B4B39B98}.Release|Any CPU.ActiveCfg = Release|Any CPU
		{BDED0C47-0971-4938-8CCC-CB78B4B39B98}.Release|Any CPU.Build.0 = Release|Any CPU
		{B71A08EB-5D60-4D08-9191-7D80E7106FCE}.Debug|Any CPU.ActiveCfg = Debug|Any CPU
		{B71A08EB-5D60-4D08-9191-7D80E7106FCE}.Debug|Any CPU.Build.0 = Debug|Any CPU
		{B71A08EB-5D60-4D08-9191-7D80E7106FCE}.Release|Any CPU.ActiveCfg = Release|Any CPU
		{B71A08EB-5D60-4D08-9191-7D80E7106FCE}.Release|Any CPU.Build.0 = Release|Any CPU
		{4C7F9A35-9CC1-4373-9BAC-22900A611E6C}.Debug|Any CPU.ActiveCfg = Debug|Any CPU
		{4C7F9A35-9CC1-4373-9BAC-22900A611E6C}.Debug|Any CPU.Build.0 = Debug|Any CPU
		{4C7F9A35-9CC1-4373-9BAC-22900A611E6C}.Release|Any CPU.ActiveCfg = Release|Any CPU
		{4C7F9A35-9CC1-4373-9BAC-22900A611E6C}.Release|Any CPU.Build.0 = Release|Any CPU
		{2E5A5900-9A18-4C68-907D-CDFC368863C8}.Debug|Any CPU.ActiveCfg = Debug|Any CPU
		{2E5A5900-9A18-4C68-907D-CDFC368863C8}.Debug|Any CPU.Build.0 = Debug|Any CPU
		{2E5A5900-9A18-4C68-907D-CDFC368863C8}.Release|Any CPU.ActiveCfg = Release|Any CPU
		{2E5A5900-9A18-4C68-907D-CDFC368863C8}.Release|Any CPU.Build.0 = Release|Any CPU
		{484B4105-7AB4-4014-AFFA-9CEAB2F3124C}.Debug|Any CPU.ActiveCfg = Debug|Any CPU
		{484B4105-7AB4-4014-AFFA-9CEAB2F3124C}.Debug|Any CPU.Build.0 = Debug|Any CPU
		{484B4105-7AB4-4014-AFFA-9CEAB2F3124C}.Release|Any CPU.ActiveCfg = Release|Any CPU
		{484B4105-7AB4-4014-AFFA-9CEAB2F3124C}.Release|Any CPU.Build.0 = Release|Any CPU
		{474FC49B-94A7-41A0-AE4E-EA2C1D7DCD67}.Debug|Any CPU.ActiveCfg = Debug|Any CPU
		{474FC49B-94A7-41A0-AE4E-EA2C1D7DCD67}.Debug|Any CPU.Build.0 = Debug|Any CPU
		{474FC49B-94A7-41A0-AE4E-EA2C1D7DCD67}.Release|Any CPU.ActiveCfg = Release|Any CPU
		{474FC49B-94A7-41A0-AE4E-EA2C1D7DCD67}.Release|Any CPU.Build.0 = Release|Any CPU
		{F06F9199-84CD-439C-A3E4-B4333761526E}.Debug|Any CPU.ActiveCfg = Debug|Any CPU
		{F06F9199-84CD-439C-A3E4-B4333761526E}.Debug|Any CPU.Build.0 = Debug|Any CPU
		{F06F9199-84CD-439C-A3E4-B4333761526E}.Release|Any CPU.ActiveCfg = Release|Any CPU
		{F06F9199-84CD-439C-A3E4-B4333761526E}.Release|Any CPU.Build.0 = Release|Any CPU
		{AAE63DEE-B4B4-48A2-8B34-971CBE410D9F}.Debug|Any CPU.ActiveCfg = Debug|Any CPU
		{AAE63DEE-B4B4-48A2-8B34-971CBE410D9F}.Debug|Any CPU.Build.0 = Debug|Any CPU
		{AAE63DEE-B4B4-48A2-8B34-971CBE410D9F}.Release|Any CPU.ActiveCfg = Release|Any CPU
		{AAE63DEE-B4B4-48A2-8B34-971CBE410D9F}.Release|Any CPU.Build.0 = Release|Any CPU
		{C2F9D80D-006F-4AD9-BF4F-213F1BD91BDE}.Debug|Any CPU.ActiveCfg = Debug|Any CPU
		{C2F9D80D-006F-4AD9-BF4F-213F1BD91BDE}.Debug|Any CPU.Build.0 = Debug|Any CPU
		{C2F9D80D-006F-4AD9-BF4F-213F1BD91BDE}.Release|Any CPU.ActiveCfg = Release|Any CPU
		{C2F9D80D-006F-4AD9-BF4F-213F1BD91BDE}.Release|Any CPU.Build.0 = Release|Any CPU
		{102207BC-6FFC-40BF-8DD9-E8E0C507066A}.Debug|Any CPU.ActiveCfg = Debug|Any CPU
		{102207BC-6FFC-40BF-8DD9-E8E0C507066A}.Debug|Any CPU.Build.0 = Debug|Any CPU
		{102207BC-6FFC-40BF-8DD9-E8E0C507066A}.Release|Any CPU.ActiveCfg = Release|Any CPU
		{102207BC-6FFC-40BF-8DD9-E8E0C507066A}.Release|Any CPU.Build.0 = Release|Any CPU
		{E9E6C182-104E-4CD4-946A-930A37215315}.Debug|Any CPU.ActiveCfg = Debug|Any CPU
		{E9E6C182-104E-4CD4-946A-930A37215315}.Debug|Any CPU.Build.0 = Debug|Any CPU
		{E9E6C182-104E-4CD4-946A-930A37215315}.Release|Any CPU.ActiveCfg = Release|Any CPU
		{E9E6C182-104E-4CD4-946A-930A37215315}.Release|Any CPU.Build.0 = Release|Any CPU
		{8FA17A6E-2848-4A2C-AC40-0D87665EBBAA}.Debug|Any CPU.ActiveCfg = Debug|Any CPU
		{8FA17A6E-2848-4A2C-AC40-0D87665EBBAA}.Debug|Any CPU.Build.0 = Debug|Any CPU
		{8FA17A6E-2848-4A2C-AC40-0D87665EBBAA}.Release|Any CPU.ActiveCfg = Release|Any CPU
		{8FA17A6E-2848-4A2C-AC40-0D87665EBBAA}.Release|Any CPU.Build.0 = Release|Any CPU
		{BD54DB7F-4B8A-42EA-BD91-9E6E64495DBA}.Debug|Any CPU.ActiveCfg = Debug|Any CPU
		{BD54DB7F-4B8A-42EA-BD91-9E6E64495DBA}.Debug|Any CPU.Build.0 = Debug|Any CPU
		{BD54DB7F-4B8A-42EA-BD91-9E6E64495DBA}.Release|Any CPU.ActiveCfg = Release|Any CPU
		{BD54DB7F-4B8A-42EA-BD91-9E6E64495DBA}.Release|Any CPU.Build.0 = Release|Any CPU
		{16E9C8D1-D009-4523-B3BA-9FE600419BD7}.Debug|Any CPU.ActiveCfg = Debug|Any CPU
		{16E9C8D1-D009-4523-B3BA-9FE600419BD7}.Debug|Any CPU.Build.0 = Debug|Any CPU
		{16E9C8D1-D009-4523-B3BA-9FE600419BD7}.Release|Any CPU.ActiveCfg = Release|Any CPU
		{16E9C8D1-D009-4523-B3BA-9FE600419BD7}.Release|Any CPU.Build.0 = Release|Any CPU
		{DA7DA655-D955-4AE3-8638-C1169143B4D5}.Debug|Any CPU.ActiveCfg = Debug|Any CPU
		{DA7DA655-D955-4AE3-8638-C1169143B4D5}.Debug|Any CPU.Build.0 = Debug|Any CPU
		{DA7DA655-D955-4AE3-8638-C1169143B4D5}.Release|Any CPU.ActiveCfg = Release|Any CPU
		{DA7DA655-D955-4AE3-8638-C1169143B4D5}.Release|Any CPU.Build.0 = Release|Any CPU
		{E7556178-54B3-4275-8E0A-918E880F5ECF}.Debug|Any CPU.ActiveCfg = Debug|Any CPU
		{E7556178-54B3-4275-8E0A-918E880F5ECF}.Debug|Any CPU.Build.0 = Debug|Any CPU
		{E7556178-54B3-4275-8E0A-918E880F5ECF}.Release|Any CPU.ActiveCfg = Release|Any CPU
		{E7556178-54B3-4275-8E0A-918E880F5ECF}.Release|Any CPU.Build.0 = Release|Any CPU
		{DDF96C64-CEA5-438A-9057-0E5FA779153A}.Debug|Any CPU.ActiveCfg = Debug|Any CPU
		{DDF96C64-CEA5-438A-9057-0E5FA779153A}.Debug|Any CPU.Build.0 = Debug|Any CPU
		{DDF96C64-CEA5-438A-9057-0E5FA779153A}.Release|Any CPU.ActiveCfg = Release|Any CPU
		{DDF96C64-CEA5-438A-9057-0E5FA779153A}.Release|Any CPU.Build.0 = Release|Any CPU
		{1478DBCB-40EB-48C3-92C7-B2CC11BB8D1E}.Debug|Any CPU.ActiveCfg = Debug|Any CPU
		{1478DBCB-40EB-48C3-92C7-B2CC11BB8D1E}.Debug|Any CPU.Build.0 = Debug|Any CPU
		{1478DBCB-40EB-48C3-92C7-B2CC11BB8D1E}.Release|Any CPU.ActiveCfg = Release|Any CPU
		{1478DBCB-40EB-48C3-92C7-B2CC11BB8D1E}.Release|Any CPU.Build.0 = Release|Any CPU
		{49FE4BB9-0351-46AC-ABE9-B6E428F3CF63}.Debug|Any CPU.ActiveCfg = Debug|Any CPU
		{49FE4BB9-0351-46AC-ABE9-B6E428F3CF63}.Debug|Any CPU.Build.0 = Debug|Any CPU
		{49FE4BB9-0351-46AC-ABE9-B6E428F3CF63}.Release|Any CPU.ActiveCfg = Release|Any CPU
		{49FE4BB9-0351-46AC-ABE9-B6E428F3CF63}.Release|Any CPU.Build.0 = Release|Any CPU
		{636C1262-4876-4B94-8134-A62EB974B24B}.Debug|Any CPU.ActiveCfg = Debug|Any CPU
		{636C1262-4876-4B94-8134-A62EB974B24B}.Debug|Any CPU.Build.0 = Debug|Any CPU
		{636C1262-4876-4B94-8134-A62EB974B24B}.Release|Any CPU.ActiveCfg = Release|Any CPU
		{636C1262-4876-4B94-8134-A62EB974B24B}.Release|Any CPU.Build.0 = Release|Any CPU
		{096C139F-7380-41E7-B46D-10191F669A6A}.Debug|Any CPU.ActiveCfg = Debug|Any CPU
		{096C139F-7380-41E7-B46D-10191F669A6A}.Debug|Any CPU.Build.0 = Debug|Any CPU
		{096C139F-7380-41E7-B46D-10191F669A6A}.Release|Any CPU.ActiveCfg = Release|Any CPU
		{096C139F-7380-41E7-B46D-10191F669A6A}.Release|Any CPU.Build.0 = Release|Any CPU
		{37418614-D440-42CB-B953-C197BE89887F}.Debug|Any CPU.ActiveCfg = Debug|Any CPU
		{37418614-D440-42CB-B953-C197BE89887F}.Debug|Any CPU.Build.0 = Debug|Any CPU
		{37418614-D440-42CB-B953-C197BE89887F}.Release|Any CPU.ActiveCfg = Release|Any CPU
		{37418614-D440-42CB-B953-C197BE89887F}.Release|Any CPU.Build.0 = Release|Any CPU
		{B2302816-F7E5-476E-B182-4E4D31F09920}.Debug|Any CPU.ActiveCfg = Debug|Any CPU
		{B2302816-F7E5-476E-B182-4E4D31F09920}.Debug|Any CPU.Build.0 = Debug|Any CPU
		{B2302816-F7E5-476E-B182-4E4D31F09920}.Release|Any CPU.ActiveCfg = Release|Any CPU
		{B2302816-F7E5-476E-B182-4E4D31F09920}.Release|Any CPU.Build.0 = Release|Any CPU
		{BA33616C-1535-499E-91DA-3A439BF9710A}.Debug|Any CPU.ActiveCfg = Debug|Any CPU
		{BA33616C-1535-499E-91DA-3A439BF9710A}.Debug|Any CPU.Build.0 = Debug|Any CPU
		{BA33616C-1535-499E-91DA-3A439BF9710A}.Release|Any CPU.ActiveCfg = Release|Any CPU
		{BA33616C-1535-499E-91DA-3A439BF9710A}.Release|Any CPU.Build.0 = Release|Any CPU
		{C15A7E5C-D3E5-4357-9730-740BC2BF38A7}.Debug|Any CPU.ActiveCfg = Debug|Any CPU
		{C15A7E5C-D3E5-4357-9730-740BC2BF38A7}.Debug|Any CPU.Build.0 = Debug|Any CPU
		{C15A7E5C-D3E5-4357-9730-740BC2BF38A7}.Release|Any CPU.ActiveCfg = Release|Any CPU
		{C15A7E5C-D3E5-4357-9730-740BC2BF38A7}.Release|Any CPU.Build.0 = Release|Any CPU
		{9200D712-0C98-460C-B00D-FA04CD10CA96}.Debug|Any CPU.ActiveCfg = Debug|Any CPU
		{9200D712-0C98-460C-B00D-FA04CD10CA96}.Debug|Any CPU.Build.0 = Debug|Any CPU
		{9200D712-0C98-460C-B00D-FA04CD10CA96}.Release|Any CPU.ActiveCfg = Release|Any CPU
		{9200D712-0C98-460C-B00D-FA04CD10CA96}.Release|Any CPU.Build.0 = Release|Any CPU
		{2CAA62D4-7093-4D6D-99C4-A44243D3260B}.Debug|Any CPU.ActiveCfg = Debug|Any CPU
		{2CAA62D4-7093-4D6D-99C4-A44243D3260B}.Debug|Any CPU.Build.0 = Debug|Any CPU
		{2CAA62D4-7093-4D6D-99C4-A44243D3260B}.Release|Any CPU.ActiveCfg = Release|Any CPU
		{2CAA62D4-7093-4D6D-99C4-A44243D3260B}.Release|Any CPU.Build.0 = Release|Any CPU
		{6120C871-5F42-4895-B0AA-5BDAC353A3B7}.Debug|Any CPU.ActiveCfg = Debug|Any CPU
		{6120C871-5F42-4895-B0AA-5BDAC353A3B7}.Debug|Any CPU.Build.0 = Debug|Any CPU
		{6120C871-5F42-4895-B0AA-5BDAC353A3B7}.Release|Any CPU.ActiveCfg = Release|Any CPU
		{6120C871-5F42-4895-B0AA-5BDAC353A3B7}.Release|Any CPU.Build.0 = Release|Any CPU
		{12178554-3093-4568-BB75-3607AB13D52A}.Debug|Any CPU.ActiveCfg = Debug|Any CPU
		{12178554-3093-4568-BB75-3607AB13D52A}.Debug|Any CPU.Build.0 = Debug|Any CPU
		{12178554-3093-4568-BB75-3607AB13D52A}.Release|Any CPU.ActiveCfg = Release|Any CPU
		{12178554-3093-4568-BB75-3607AB13D52A}.Release|Any CPU.Build.0 = Release|Any CPU
		{DABB8D01-CB84-42B7-8F0D-30D9AAFC040C}.Debug|Any CPU.ActiveCfg = Debug|Any CPU
		{DABB8D01-CB84-42B7-8F0D-30D9AAFC040C}.Debug|Any CPU.Build.0 = Debug|Any CPU
		{DABB8D01-CB84-42B7-8F0D-30D9AAFC040C}.Release|Any CPU.ActiveCfg = Release|Any CPU
		{DABB8D01-CB84-42B7-8F0D-30D9AAFC040C}.Release|Any CPU.Build.0 = Release|Any CPU
		{27BAA1B6-932C-40C7-9F55-8A1CA061B5FB}.Debug|Any CPU.ActiveCfg = Debug|Any CPU
		{27BAA1B6-932C-40C7-9F55-8A1CA061B5FB}.Debug|Any CPU.Build.0 = Debug|Any CPU
		{27BAA1B6-932C-40C7-9F55-8A1CA061B5FB}.Release|Any CPU.ActiveCfg = Release|Any CPU
		{27BAA1B6-932C-40C7-9F55-8A1CA061B5FB}.Release|Any CPU.Build.0 = Release|Any CPU
		{A22C9776-30AB-47A4-A469-6949F6E9E76F}.Debug|Any CPU.ActiveCfg = Debug|Any CPU
		{A22C9776-30AB-47A4-A469-6949F6E9E76F}.Debug|Any CPU.Build.0 = Debug|Any CPU
		{A22C9776-30AB-47A4-A469-6949F6E9E76F}.Release|Any CPU.ActiveCfg = Release|Any CPU
		{A22C9776-30AB-47A4-A469-6949F6E9E76F}.Release|Any CPU.Build.0 = Release|Any CPU
		{87650C07-DDAC-4CC0-A001-37AF0F0BEBDD}.Debug|Any CPU.ActiveCfg = Debug|Any CPU
		{87650C07-DDAC-4CC0-A001-37AF0F0BEBDD}.Debug|Any CPU.Build.0 = Debug|Any CPU
		{87650C07-DDAC-4CC0-A001-37AF0F0BEBDD}.Release|Any CPU.ActiveCfg = Release|Any CPU
		{87650C07-DDAC-4CC0-A001-37AF0F0BEBDD}.Release|Any CPU.Build.0 = Release|Any CPU
		{517267E5-7BF8-4E09-92FC-9C9F39693DBF}.Debug|Any CPU.ActiveCfg = Debug|Any CPU
		{517267E5-7BF8-4E09-92FC-9C9F39693DBF}.Debug|Any CPU.Build.0 = Debug|Any CPU
		{517267E5-7BF8-4E09-92FC-9C9F39693DBF}.Release|Any CPU.ActiveCfg = Release|Any CPU
		{517267E5-7BF8-4E09-92FC-9C9F39693DBF}.Release|Any CPU.Build.0 = Release|Any CPU
		{C113024B-D203-44E3-AE91-9D20CCDBBCDD}.Debug|Any CPU.ActiveCfg = Debug|Any CPU
		{C113024B-D203-44E3-AE91-9D20CCDBBCDD}.Debug|Any CPU.Build.0 = Debug|Any CPU
		{C113024B-D203-44E3-AE91-9D20CCDBBCDD}.Release|Any CPU.ActiveCfg = Release|Any CPU
		{C113024B-D203-44E3-AE91-9D20CCDBBCDD}.Release|Any CPU.Build.0 = Release|Any CPU
		{0D99DC85-B952-4000-AC83-467630242996}.Debug|Any CPU.ActiveCfg = Debug|Any CPU
		{0D99DC85-B952-4000-AC83-467630242996}.Debug|Any CPU.Build.0 = Debug|Any CPU
		{0D99DC85-B952-4000-AC83-467630242996}.Release|Any CPU.ActiveCfg = Release|Any CPU
		{0D99DC85-B952-4000-AC83-467630242996}.Release|Any CPU.Build.0 = Release|Any CPU
		{06EE50B1-6CAE-4208-8FB4-DDE9DB354A73}.Debug|Any CPU.ActiveCfg = Debug|Any CPU
		{06EE50B1-6CAE-4208-8FB4-DDE9DB354A73}.Debug|Any CPU.Build.0 = Debug|Any CPU
		{06EE50B1-6CAE-4208-8FB4-DDE9DB354A73}.Release|Any CPU.ActiveCfg = Release|Any CPU
		{06EE50B1-6CAE-4208-8FB4-DDE9DB354A73}.Release|Any CPU.Build.0 = Release|Any CPU
		{2B2D4003-5F14-43DF-B24D-3AFEBAF1D73B}.Debug|Any CPU.ActiveCfg = Debug|Any CPU
		{2B2D4003-5F14-43DF-B24D-3AFEBAF1D73B}.Debug|Any CPU.Build.0 = Debug|Any CPU
		{2B2D4003-5F14-43DF-B24D-3AFEBAF1D73B}.Release|Any CPU.ActiveCfg = Release|Any CPU
		{2B2D4003-5F14-43DF-B24D-3AFEBAF1D73B}.Release|Any CPU.Build.0 = Release|Any CPU
		{95964048-B86B-4B46-81F3-1841C1CCA3B3}.Debug|Any CPU.ActiveCfg = Debug|Any CPU
		{95964048-B86B-4B46-81F3-1841C1CCA3B3}.Debug|Any CPU.Build.0 = Debug|Any CPU
		{95964048-B86B-4B46-81F3-1841C1CCA3B3}.Release|Any CPU.ActiveCfg = Release|Any CPU
		{95964048-B86B-4B46-81F3-1841C1CCA3B3}.Release|Any CPU.Build.0 = Release|Any CPU
		{31013C1D-7BDE-4968-8A35-6E147434C32A}.Debug|Any CPU.ActiveCfg = Debug|Any CPU
		{31013C1D-7BDE-4968-8A35-6E147434C32A}.Debug|Any CPU.Build.0 = Debug|Any CPU
		{31013C1D-7BDE-4968-8A35-6E147434C32A}.Release|Any CPU.ActiveCfg = Release|Any CPU
		{31013C1D-7BDE-4968-8A35-6E147434C32A}.Release|Any CPU.Build.0 = Release|Any CPU
		{0A6868F0-4C18-4FBE-A21E-6DCA55D81B8B}.Debug|Any CPU.ActiveCfg = Debug|Any CPU
		{0A6868F0-4C18-4FBE-A21E-6DCA55D81B8B}.Debug|Any CPU.Build.0 = Debug|Any CPU
		{0A6868F0-4C18-4FBE-A21E-6DCA55D81B8B}.Release|Any CPU.ActiveCfg = Release|Any CPU
		{0A6868F0-4C18-4FBE-A21E-6DCA55D81B8B}.Release|Any CPU.Build.0 = Release|Any CPU
		{791D52D5-31EA-4C0A-B0B9-334B7F839351}.Debug|Any CPU.ActiveCfg = Debug|Any CPU
		{791D52D5-31EA-4C0A-B0B9-334B7F839351}.Debug|Any CPU.Build.0 = Debug|Any CPU
		{791D52D5-31EA-4C0A-B0B9-334B7F839351}.Release|Any CPU.ActiveCfg = Release|Any CPU
		{791D52D5-31EA-4C0A-B0B9-334B7F839351}.Release|Any CPU.Build.0 = Release|Any CPU
		{8C5CBB79-D76E-457E-91D2-7E90064EFE52}.Debug|Any CPU.ActiveCfg = Debug|Any CPU
		{8C5CBB79-D76E-457E-91D2-7E90064EFE52}.Debug|Any CPU.Build.0 = Debug|Any CPU
		{8C5CBB79-D76E-457E-91D2-7E90064EFE52}.Release|Any CPU.ActiveCfg = Release|Any CPU
		{8C5CBB79-D76E-457E-91D2-7E90064EFE52}.Release|Any CPU.Build.0 = Release|Any CPU
		{0232BD2A-AA46-406B-B271-9516C55010DB}.Debug|Any CPU.ActiveCfg = Debug|Any CPU
		{0232BD2A-AA46-406B-B271-9516C55010DB}.Debug|Any CPU.Build.0 = Debug|Any CPU
		{0232BD2A-AA46-406B-B271-9516C55010DB}.Release|Any CPU.ActiveCfg = Release|Any CPU
		{0232BD2A-AA46-406B-B271-9516C55010DB}.Release|Any CPU.Build.0 = Release|Any CPU
		{F31FABE6-52EA-4BD0-9128-33F6EF6C0D47}.Debug|Any CPU.ActiveCfg = Debug|Any CPU
		{F31FABE6-52EA-4BD0-9128-33F6EF6C0D47}.Debug|Any CPU.Build.0 = Debug|Any CPU
		{F31FABE6-52EA-4BD0-9128-33F6EF6C0D47}.Release|Any CPU.ActiveCfg = Release|Any CPU
		{F31FABE6-52EA-4BD0-9128-33F6EF6C0D47}.Release|Any CPU.Build.0 = Release|Any CPU
		{4CB138A1-D7CA-423E-AB7A-EA9CD9EB207F}.Debug|Any CPU.ActiveCfg = Debug|Any CPU
		{4CB138A1-D7CA-423E-AB7A-EA9CD9EB207F}.Debug|Any CPU.Build.0 = Debug|Any CPU
		{4CB138A1-D7CA-423E-AB7A-EA9CD9EB207F}.Release|Any CPU.ActiveCfg = Release|Any CPU
		{4CB138A1-D7CA-423E-AB7A-EA9CD9EB207F}.Release|Any CPU.Build.0 = Release|Any CPU
		{49F52CA3-22AF-496B-B527-38056319A833}.Debug|Any CPU.ActiveCfg = Debug|Any CPU
		{49F52CA3-22AF-496B-B527-38056319A833}.Debug|Any CPU.Build.0 = Debug|Any CPU
		{49F52CA3-22AF-496B-B527-38056319A833}.Release|Any CPU.ActiveCfg = Release|Any CPU
		{49F52CA3-22AF-496B-B527-38056319A833}.Release|Any CPU.Build.0 = Release|Any CPU
		{D4A079B9-24FA-4C7C-8E3C-562B10C9C95A}.Debug|Any CPU.ActiveCfg = Debug|Any CPU
		{D4A079B9-24FA-4C7C-8E3C-562B10C9C95A}.Debug|Any CPU.Build.0 = Debug|Any CPU
		{D4A079B9-24FA-4C7C-8E3C-562B10C9C95A}.Release|Any CPU.ActiveCfg = Release|Any CPU
		{D4A079B9-24FA-4C7C-8E3C-562B10C9C95A}.Release|Any CPU.Build.0 = Release|Any CPU
		{DFA87143-523D-49A3-BA77-63944C5BBC2E}.Debug|Any CPU.ActiveCfg = Debug|Any CPU
		{DFA87143-523D-49A3-BA77-63944C5BBC2E}.Debug|Any CPU.Build.0 = Debug|Any CPU
		{DFA87143-523D-49A3-BA77-63944C5BBC2E}.Release|Any CPU.ActiveCfg = Release|Any CPU
		{DFA87143-523D-49A3-BA77-63944C5BBC2E}.Release|Any CPU.Build.0 = Release|Any CPU
		{DF6C5400-2DA3-412B-8A0E-118C13669F54}.Debug|Any CPU.ActiveCfg = Debug|Any CPU
		{DF6C5400-2DA3-412B-8A0E-118C13669F54}.Debug|Any CPU.Build.0 = Debug|Any CPU
		{DF6C5400-2DA3-412B-8A0E-118C13669F54}.Release|Any CPU.ActiveCfg = Release|Any CPU
		{DF6C5400-2DA3-412B-8A0E-118C13669F54}.Release|Any CPU.Build.0 = Release|Any CPU
		{66A1B47E-AFFA-4324-BAFD-C07DD8F30A64}.Debug|Any CPU.ActiveCfg = Debug|Any CPU
		{66A1B47E-AFFA-4324-BAFD-C07DD8F30A64}.Debug|Any CPU.Build.0 = Debug|Any CPU
		{66A1B47E-AFFA-4324-BAFD-C07DD8F30A64}.Release|Any CPU.ActiveCfg = Release|Any CPU
		{66A1B47E-AFFA-4324-BAFD-C07DD8F30A64}.Release|Any CPU.Build.0 = Release|Any CPU
		{F6A05EF8-E7ED-4D6A-B93E-8D5C1F8F3B98}.Debug|Any CPU.ActiveCfg = Debug|Any CPU
		{F6A05EF8-E7ED-4D6A-B93E-8D5C1F8F3B98}.Debug|Any CPU.Build.0 = Debug|Any CPU
		{F6A05EF8-E7ED-4D6A-B93E-8D5C1F8F3B98}.Release|Any CPU.ActiveCfg = Release|Any CPU
		{F6A05EF8-E7ED-4D6A-B93E-8D5C1F8F3B98}.Release|Any CPU.Build.0 = Release|Any CPU
		{9115B13A-46D9-492C-A9FC-F88983B4EBDF}.Debug|Any CPU.ActiveCfg = Debug|Any CPU
		{9115B13A-46D9-492C-A9FC-F88983B4EBDF}.Debug|Any CPU.Build.0 = Debug|Any CPU
		{9115B13A-46D9-492C-A9FC-F88983B4EBDF}.Release|Any CPU.ActiveCfg = Release|Any CPU
		{9115B13A-46D9-492C-A9FC-F88983B4EBDF}.Release|Any CPU.Build.0 = Release|Any CPU
		{B8E1A4D6-8198-4E85-B268-F6F0BC5A0A7C}.Debug|Any CPU.ActiveCfg = Debug|Any CPU
		{B8E1A4D6-8198-4E85-B268-F6F0BC5A0A7C}.Debug|Any CPU.Build.0 = Debug|Any CPU
		{B8E1A4D6-8198-4E85-B268-F6F0BC5A0A7C}.Release|Any CPU.ActiveCfg = Release|Any CPU
		{B8E1A4D6-8198-4E85-B268-F6F0BC5A0A7C}.Release|Any CPU.Build.0 = Release|Any CPU
		{93E85898-2CE5-407C-821A-1B6D8F264D67}.Debug|Any CPU.ActiveCfg = Debug|Any CPU
		{93E85898-2CE5-407C-821A-1B6D8F264D67}.Debug|Any CPU.Build.0 = Debug|Any CPU
		{93E85898-2CE5-407C-821A-1B6D8F264D67}.Release|Any CPU.ActiveCfg = Release|Any CPU
		{93E85898-2CE5-407C-821A-1B6D8F264D67}.Release|Any CPU.Build.0 = Release|Any CPU
		{E5BF3D07-5CFA-4E49-8D83-D804ECC35E45}.Debug|Any CPU.ActiveCfg = Debug|Any CPU
		{E5BF3D07-5CFA-4E49-8D83-D804ECC35E45}.Debug|Any CPU.Build.0 = Debug|Any CPU
		{E5BF3D07-5CFA-4E49-8D83-D804ECC35E45}.Release|Any CPU.ActiveCfg = Release|Any CPU
		{E5BF3D07-5CFA-4E49-8D83-D804ECC35E45}.Release|Any CPU.Build.0 = Release|Any CPU
		{0B6028D0-9217-4BF4-BC95-25854D36DCAE}.Debug|Any CPU.ActiveCfg = Debug|Any CPU
		{0B6028D0-9217-4BF4-BC95-25854D36DCAE}.Debug|Any CPU.Build.0 = Debug|Any CPU
		{0B6028D0-9217-4BF4-BC95-25854D36DCAE}.Release|Any CPU.ActiveCfg = Release|Any CPU
		{0B6028D0-9217-4BF4-BC95-25854D36DCAE}.Release|Any CPU.Build.0 = Release|Any CPU
		{E8340DD2-537A-4DBB-AE47-386F9DD6E9AC}.Debug|Any CPU.ActiveCfg = Debug|Any CPU
		{E8340DD2-537A-4DBB-AE47-386F9DD6E9AC}.Debug|Any CPU.Build.0 = Debug|Any CPU
		{E8340DD2-537A-4DBB-AE47-386F9DD6E9AC}.Release|Any CPU.ActiveCfg = Release|Any CPU
		{E8340DD2-537A-4DBB-AE47-386F9DD6E9AC}.Release|Any CPU.Build.0 = Release|Any CPU
		{0D2CCAAF-399B-42DA-BF45-6C1849D14C54}.Debug|Any CPU.ActiveCfg = Debug|Any CPU
		{0D2CCAAF-399B-42DA-BF45-6C1849D14C54}.Debug|Any CPU.Build.0 = Debug|Any CPU
		{0D2CCAAF-399B-42DA-BF45-6C1849D14C54}.Release|Any CPU.ActiveCfg = Release|Any CPU
		{0D2CCAAF-399B-42DA-BF45-6C1849D14C54}.Release|Any CPU.Build.0 = Release|Any CPU
		{AFE1EE65-028C-4490-8BA8-F77D3CF0B5CC}.Debug|Any CPU.ActiveCfg = Debug|Any CPU
		{AFE1EE65-028C-4490-8BA8-F77D3CF0B5CC}.Debug|Any CPU.Build.0 = Debug|Any CPU
		{AFE1EE65-028C-4490-8BA8-F77D3CF0B5CC}.Release|Any CPU.ActiveCfg = Release|Any CPU
		{AFE1EE65-028C-4490-8BA8-F77D3CF0B5CC}.Release|Any CPU.Build.0 = Release|Any CPU
		{01C98671-EFE8-4F2D-A19E-239F4E42AB95}.Debug|Any CPU.ActiveCfg = Debug|Any CPU
		{01C98671-EFE8-4F2D-A19E-239F4E42AB95}.Debug|Any CPU.Build.0 = Debug|Any CPU
		{01C98671-EFE8-4F2D-A19E-239F4E42AB95}.Release|Any CPU.ActiveCfg = Release|Any CPU
		{01C98671-EFE8-4F2D-A19E-239F4E42AB95}.Release|Any CPU.Build.0 = Release|Any CPU
		{9CDC977B-893C-4EDF-97B2-EC31CB91DE4D}.Debug|Any CPU.ActiveCfg = Debug|Any CPU
		{9CDC977B-893C-4EDF-97B2-EC31CB91DE4D}.Debug|Any CPU.Build.0 = Debug|Any CPU
		{9CDC977B-893C-4EDF-97B2-EC31CB91DE4D}.Release|Any CPU.ActiveCfg = Release|Any CPU
		{9CDC977B-893C-4EDF-97B2-EC31CB91DE4D}.Release|Any CPU.Build.0 = Release|Any CPU
		{E4666811-0085-4C60-B274-FF5D123496EE}.Debug|Any CPU.ActiveCfg = Debug|Any CPU
		{E4666811-0085-4C60-B274-FF5D123496EE}.Debug|Any CPU.Build.0 = Debug|Any CPU
		{E4666811-0085-4C60-B274-FF5D123496EE}.Release|Any CPU.ActiveCfg = Release|Any CPU
		{E4666811-0085-4C60-B274-FF5D123496EE}.Release|Any CPU.Build.0 = Release|Any CPU
		{2ABD4381-3D3E-4D13-9D0D-DB99B5F2D3F1}.Debug|Any CPU.ActiveCfg = Debug|Any CPU
		{2ABD4381-3D3E-4D13-9D0D-DB99B5F2D3F1}.Debug|Any CPU.Build.0 = Debug|Any CPU
		{2ABD4381-3D3E-4D13-9D0D-DB99B5F2D3F1}.Release|Any CPU.ActiveCfg = Release|Any CPU
		{2ABD4381-3D3E-4D13-9D0D-DB99B5F2D3F1}.Release|Any CPU.Build.0 = Release|Any CPU
		{4F71D91D-E28F-4B30-8BD8-97366F3EDA05}.Debug|Any CPU.ActiveCfg = Debug|Any CPU
		{4F71D91D-E28F-4B30-8BD8-97366F3EDA05}.Debug|Any CPU.Build.0 = Debug|Any CPU
		{4F71D91D-E28F-4B30-8BD8-97366F3EDA05}.Release|Any CPU.ActiveCfg = Release|Any CPU
		{4F71D91D-E28F-4B30-8BD8-97366F3EDA05}.Release|Any CPU.Build.0 = Release|Any CPU
		{8669A916-844D-4D3F-B053-30300E3F16D4}.Debug|Any CPU.ActiveCfg = Debug|Any CPU
		{8669A916-844D-4D3F-B053-30300E3F16D4}.Debug|Any CPU.Build.0 = Debug|Any CPU
		{8669A916-844D-4D3F-B053-30300E3F16D4}.Release|Any CPU.ActiveCfg = Release|Any CPU
		{8669A916-844D-4D3F-B053-30300E3F16D4}.Release|Any CPU.Build.0 = Release|Any CPU
		{E9291923-6F41-446B-8521-454E2760BBE1}.Debug|Any CPU.ActiveCfg = Debug|Any CPU
		{E9291923-6F41-446B-8521-454E2760BBE1}.Debug|Any CPU.Build.0 = Debug|Any CPU
		{E9291923-6F41-446B-8521-454E2760BBE1}.Release|Any CPU.ActiveCfg = Release|Any CPU
		{E9291923-6F41-446B-8521-454E2760BBE1}.Release|Any CPU.Build.0 = Release|Any CPU
		{7864DDC5-5CB7-4BA2-BAF4-8B5322A67FCE}.Debug|Any CPU.ActiveCfg = Debug|Any CPU
		{7864DDC5-5CB7-4BA2-BAF4-8B5322A67FCE}.Debug|Any CPU.Build.0 = Debug|Any CPU
		{7864DDC5-5CB7-4BA2-BAF4-8B5322A67FCE}.Release|Any CPU.ActiveCfg = Release|Any CPU
		{7864DDC5-5CB7-4BA2-BAF4-8B5322A67FCE}.Release|Any CPU.Build.0 = Release|Any CPU
		{74E17F26-6B01-483E-A3CE-A15419208961}.Debug|Any CPU.ActiveCfg = Debug|Any CPU
		{74E17F26-6B01-483E-A3CE-A15419208961}.Debug|Any CPU.Build.0 = Debug|Any CPU
		{74E17F26-6B01-483E-A3CE-A15419208961}.Release|Any CPU.ActiveCfg = Release|Any CPU
		{74E17F26-6B01-483E-A3CE-A15419208961}.Release|Any CPU.Build.0 = Release|Any CPU
		{7CFEEF7E-A54F-47A9-84A7-05C144E1F329}.Debug|Any CPU.ActiveCfg = Debug|Any CPU
		{7CFEEF7E-A54F-47A9-84A7-05C144E1F329}.Debug|Any CPU.Build.0 = Debug|Any CPU
		{7CFEEF7E-A54F-47A9-84A7-05C144E1F329}.Release|Any CPU.ActiveCfg = Release|Any CPU
		{7CFEEF7E-A54F-47A9-84A7-05C144E1F329}.Release|Any CPU.Build.0 = Release|Any CPU
		{2804ABC6-771C-4B77-A4B1-6EFBFF000918}.Debug|Any CPU.ActiveCfg = Debug|Any CPU
		{2804ABC6-771C-4B77-A4B1-6EFBFF000918}.Debug|Any CPU.Build.0 = Debug|Any CPU
		{2804ABC6-771C-4B77-A4B1-6EFBFF000918}.Release|Any CPU.ActiveCfg = Release|Any CPU
		{2804ABC6-771C-4B77-A4B1-6EFBFF000918}.Release|Any CPU.Build.0 = Release|Any CPU
		{AC92F9EA-DAF5-42DC-9CC1-9511ECDE1C73}.Debug|Any CPU.ActiveCfg = Debug|Any CPU
		{AC92F9EA-DAF5-42DC-9CC1-9511ECDE1C73}.Debug|Any CPU.Build.0 = Debug|Any CPU
		{AC92F9EA-DAF5-42DC-9CC1-9511ECDE1C73}.Release|Any CPU.ActiveCfg = Release|Any CPU
		{AC92F9EA-DAF5-42DC-9CC1-9511ECDE1C73}.Release|Any CPU.Build.0 = Release|Any CPU
		{3E598998-B70C-4B2C-98E4-3A7C5B2B09E4}.Debug|Any CPU.ActiveCfg = Debug|Any CPU
		{3E598998-B70C-4B2C-98E4-3A7C5B2B09E4}.Debug|Any CPU.Build.0 = Debug|Any CPU
		{3E598998-B70C-4B2C-98E4-3A7C5B2B09E4}.Release|Any CPU.ActiveCfg = Release|Any CPU
		{3E598998-B70C-4B2C-98E4-3A7C5B2B09E4}.Release|Any CPU.Build.0 = Release|Any CPU
		{0DB5B232-0A05-4B9A-A052-6049B5C92A50}.Debug|Any CPU.ActiveCfg = Debug|Any CPU
		{0DB5B232-0A05-4B9A-A052-6049B5C92A50}.Debug|Any CPU.Build.0 = Debug|Any CPU
		{0DB5B232-0A05-4B9A-A052-6049B5C92A50}.Release|Any CPU.ActiveCfg = Release|Any CPU
		{0DB5B232-0A05-4B9A-A052-6049B5C92A50}.Release|Any CPU.Build.0 = Release|Any CPU
		{D6AE5971-F2D8-4CD5-8D00-3C99E5E7C95F}.Debug|Any CPU.ActiveCfg = Debug|Any CPU
		{D6AE5971-F2D8-4CD5-8D00-3C99E5E7C95F}.Debug|Any CPU.Build.0 = Debug|Any CPU
		{D6AE5971-F2D8-4CD5-8D00-3C99E5E7C95F}.Release|Any CPU.ActiveCfg = Release|Any CPU
		{D6AE5971-F2D8-4CD5-8D00-3C99E5E7C95F}.Release|Any CPU.Build.0 = Release|Any CPU
		{21B0CE5C-F83F-4417-9D88-914DA0B2E220}.Debug|Any CPU.ActiveCfg = Debug|Any CPU
		{21B0CE5C-F83F-4417-9D88-914DA0B2E220}.Debug|Any CPU.Build.0 = Debug|Any CPU
		{21B0CE5C-F83F-4417-9D88-914DA0B2E220}.Release|Any CPU.ActiveCfg = Release|Any CPU
		{21B0CE5C-F83F-4417-9D88-914DA0B2E220}.Release|Any CPU.Build.0 = Release|Any CPU
		{40F88E1A-0EDB-4209-BEE6-16D21FCCDDA1}.Debug|Any CPU.ActiveCfg = Debug|Any CPU
		{40F88E1A-0EDB-4209-BEE6-16D21FCCDDA1}.Debug|Any CPU.Build.0 = Debug|Any CPU
		{40F88E1A-0EDB-4209-BEE6-16D21FCCDDA1}.Release|Any CPU.ActiveCfg = Release|Any CPU
		{40F88E1A-0EDB-4209-BEE6-16D21FCCDDA1}.Release|Any CPU.Build.0 = Release|Any CPU
		{98297DD3-AA62-4254-87A5-A6E4DBA2E9F5}.Debug|Any CPU.ActiveCfg = Debug|Any CPU
		{98297DD3-AA62-4254-87A5-A6E4DBA2E9F5}.Debug|Any CPU.Build.0 = Debug|Any CPU
		{98297DD3-AA62-4254-87A5-A6E4DBA2E9F5}.Release|Any CPU.ActiveCfg = Release|Any CPU
		{98297DD3-AA62-4254-87A5-A6E4DBA2E9F5}.Release|Any CPU.Build.0 = Release|Any CPU
	EndGlobalSection
	GlobalSection(SolutionProperties) = preSolution
		HideSolutionNode = FALSE
	EndGlobalSection
	GlobalSection(NestedProjects) = preSolution
		{16747F18-0649-4F38-B7DB-69E9B37D8A56} = {C9A4CD79-CBB7-48BD-B8E4-A6A339DBD477}
		{0AB9187C-C414-4E71-AFB0-75658B06E736} = {00653F79-5CEA-41F6-ACB6-F86FC7018759}
		{E5CA6D96-902A-495D-8850-819A32860C3F} = {CCA04C56-FA9F-4FBB-B987-F73F47B9B176}
		{93B06289-FF50-4544-8D2B-D05995CAFA58} = {CCA04C56-FA9F-4FBB-B987-F73F47B9B176}
		{397C2C75-0DEA-4220-B60E-08435C638C3D} = {CCA04C56-FA9F-4FBB-B987-F73F47B9B176}
		{CB2CE57D-0660-47E7-9869-32A52AE2CC02} = {CCA04C56-FA9F-4FBB-B987-F73F47B9B176}
		{6EF71FE4-E289-4DD0-BD67-558051715B6F} = {CCA04C56-FA9F-4FBB-B987-F73F47B9B176}
		{3349A885-C093-424C-9D03-3737C516CFBB} = {CCA04C56-FA9F-4FBB-B987-F73F47B9B176}
		{C59DFC4F-6418-42AE-9FE5-327D04FF4DD2} = {CCA04C56-FA9F-4FBB-B987-F73F47B9B176}
		{7676BC53-78C7-479C-9AF0-394F5EE3ECBB} = {0ECA8618-459F-4951-95FE-5ACD2D607844}
		{C0FF3037-B279-487D-A554-D49BDC86F267} = {0ECA8618-459F-4951-95FE-5ACD2D607844}
		{689639E4-33BF-46EF-8AC8-D022B7483E85} = {0ECA8618-459F-4951-95FE-5ACD2D607844}
		{244C56B3-EBF1-4B40-8A9F-B5D161D03930} = {0ECA8618-459F-4951-95FE-5ACD2D607844}
		{73F21BF4-9F93-417C-8506-6B319E43D91C} = {0ECA8618-459F-4951-95FE-5ACD2D607844}
		{E8C45BE5-6545-459D-8E07-C1FCF15B02AA} = {0ECA8618-459F-4951-95FE-5ACD2D607844}
		{6C1E099C-95BF-468F-9DA6-503CF8A04206} = {0ECA8618-459F-4951-95FE-5ACD2D607844}
		{330EAF6A-05CB-4008-9BBF-2C8272FF2611} = {0ECA8618-459F-4951-95FE-5ACD2D607844}
		{4D553634-1B96-488C-A5EC-3B32A0513240} = {84E90F5A-CE88-44E1-AB6D-9FAC81D5CBD6}
		{7D457487-A570-4DC9-A2FF-06E55C7B41B2} = {84E90F5A-CE88-44E1-AB6D-9FAC81D5CBD6}
		{6AE8F696-A7DE-406B-AE81-7BA488C25359} = {84E90F5A-CE88-44E1-AB6D-9FAC81D5CBD6}
		{40B7365D-9AB5-4D90-BC7C-05ED9665E8EB} = {84E90F5A-CE88-44E1-AB6D-9FAC81D5CBD6}
		{703B0B7C-BCE5-44AD-9FC6-476EC4A16568} = {84E90F5A-CE88-44E1-AB6D-9FAC81D5CBD6}
		{8E2632D8-EFC2-4E2C-8480-D611D3FB43FC} = {84E90F5A-CE88-44E1-AB6D-9FAC81D5CBD6}
		{8C1D0C9F-73CA-4E84-97FC-0793CDE853BD} = {84E90F5A-CE88-44E1-AB6D-9FAC81D5CBD6}
		{4316E7D2-1D72-4BF4-8AE3-3F427A0B1FEF} = {84E90F5A-CE88-44E1-AB6D-9FAC81D5CBD6}
		{BDED0C47-0971-4938-8CCC-CB78B4B39B98} = {7A2A8D71-9CE9-4EB3-8584-E036609793AB}
		{B71A08EB-5D60-4D08-9191-7D80E7106FCE} = {7A2A8D71-9CE9-4EB3-8584-E036609793AB}
		{4C7F9A35-9CC1-4373-9BAC-22900A611E6C} = {7A2A8D71-9CE9-4EB3-8584-E036609793AB}
		{2E5A5900-9A18-4C68-907D-CDFC368863C8} = {7A2A8D71-9CE9-4EB3-8584-E036609793AB}
		{484B4105-7AB4-4014-AFFA-9CEAB2F3124C} = {04FF017E-288C-488E-84EA-12A2681BC7C1}
		{474FC49B-94A7-41A0-AE4E-EA2C1D7DCD67} = {04FF017E-288C-488E-84EA-12A2681BC7C1}
		{F06F9199-84CD-439C-A3E4-B4333761526E} = {04FF017E-288C-488E-84EA-12A2681BC7C1}
		{AAE63DEE-B4B4-48A2-8B34-971CBE410D9F} = {B0F95F55-BEFA-44D8-9C5A-A34EEF66F384}
		{C2F9D80D-006F-4AD9-BF4F-213F1BD91BDE} = {B0F95F55-BEFA-44D8-9C5A-A34EEF66F384}
		{102207BC-6FFC-40BF-8DD9-E8E0C507066A} = {B0F95F55-BEFA-44D8-9C5A-A34EEF66F384}
		{E9E6C182-104E-4CD4-946A-930A37215315} = {B0F95F55-BEFA-44D8-9C5A-A34EEF66F384}
		{8FA17A6E-2848-4A2C-AC40-0D87665EBBAA} = {B0F95F55-BEFA-44D8-9C5A-A34EEF66F384}
		{BD54DB7F-4B8A-42EA-BD91-9E6E64495DBA} = {B0F95F55-BEFA-44D8-9C5A-A34EEF66F384}
		{16E9C8D1-D009-4523-B3BA-9FE600419BD7} = {B0F95F55-BEFA-44D8-9C5A-A34EEF66F384}
		{DA7DA655-D955-4AE3-8638-C1169143B4D5} = {B0F95F55-BEFA-44D8-9C5A-A34EEF66F384}
		{E7556178-54B3-4275-8E0A-918E880F5ECF} = {B0F95F55-BEFA-44D8-9C5A-A34EEF66F384}
		{DDF96C64-CEA5-438A-9057-0E5FA779153A} = {C895FE85-E2E9-4E12-BF0A-3DB57327F378}
		{1478DBCB-40EB-48C3-92C7-B2CC11BB8D1E} = {C895FE85-E2E9-4E12-BF0A-3DB57327F378}
		{49FE4BB9-0351-46AC-ABE9-B6E428F3CF63} = {C895FE85-E2E9-4E12-BF0A-3DB57327F378}
		{636C1262-4876-4B94-8134-A62EB974B24B} = {C895FE85-E2E9-4E12-BF0A-3DB57327F378}
		{096C139F-7380-41E7-B46D-10191F669A6A} = {C895FE85-E2E9-4E12-BF0A-3DB57327F378}
		{37418614-D440-42CB-B953-C197BE89887F} = {E4B388F4-CF65-4F45-8E9F-3ECDAB4450D5}
		{B2302816-F7E5-476E-B182-4E4D31F09920} = {E4B388F4-CF65-4F45-8E9F-3ECDAB4450D5}
		{BA33616C-1535-499E-91DA-3A439BF9710A} = {E4B388F4-CF65-4F45-8E9F-3ECDAB4450D5}
		{C15A7E5C-D3E5-4357-9730-740BC2BF38A7} = {E4B388F4-CF65-4F45-8E9F-3ECDAB4450D5}
		{9200D712-0C98-460C-B00D-FA04CD10CA96} = {E4B388F4-CF65-4F45-8E9F-3ECDAB4450D5}
		{2CAA62D4-7093-4D6D-99C4-A44243D3260B} = {E4B388F4-CF65-4F45-8E9F-3ECDAB4450D5}
		{6120C871-5F42-4895-B0AA-5BDAC353A3B7} = {E4B388F4-CF65-4F45-8E9F-3ECDAB4450D5}
		{12178554-3093-4568-BB75-3607AB13D52A} = {E4B388F4-CF65-4F45-8E9F-3ECDAB4450D5}
		{DABB8D01-CB84-42B7-8F0D-30D9AAFC040C} = {E4B388F4-CF65-4F45-8E9F-3ECDAB4450D5}
		{27BAA1B6-932C-40C7-9F55-8A1CA061B5FB} = {E4B388F4-CF65-4F45-8E9F-3ECDAB4450D5}
		{A22C9776-30AB-47A4-A469-6949F6E9E76F} = {E4B388F4-CF65-4F45-8E9F-3ECDAB4450D5}
		{87650C07-DDAC-4CC0-A001-37AF0F0BEBDD} = {E4B388F4-CF65-4F45-8E9F-3ECDAB4450D5}
		{517267E5-7BF8-4E09-92FC-9C9F39693DBF} = {E4B388F4-CF65-4F45-8E9F-3ECDAB4450D5}
		{C113024B-D203-44E3-AE91-9D20CCDBBCDD} = {F006A112-86D3-4C6D-83B4-C48F6A4629B1}
		{0D99DC85-B952-4000-AC83-467630242996} = {F006A112-86D3-4C6D-83B4-C48F6A4629B1}
		{06EE50B1-6CAE-4208-8FB4-DDE9DB354A73} = {F006A112-86D3-4C6D-83B4-C48F6A4629B1}
		{2B2D4003-5F14-43DF-B24D-3AFEBAF1D73B} = {F006A112-86D3-4C6D-83B4-C48F6A4629B1}
		{95964048-B86B-4B46-81F3-1841C1CCA3B3} = {F006A112-86D3-4C6D-83B4-C48F6A4629B1}
		{31013C1D-7BDE-4968-8A35-6E147434C32A} = {F006A112-86D3-4C6D-83B4-C48F6A4629B1}
		{0A6868F0-4C18-4FBE-A21E-6DCA55D81B8B} = {F006A112-86D3-4C6D-83B4-C48F6A4629B1}
		{791D52D5-31EA-4C0A-B0B9-334B7F839351} = {F006A112-86D3-4C6D-83B4-C48F6A4629B1}
		{8C5CBB79-D76E-457E-91D2-7E90064EFE52} = {4CB010F1-2F96-41AF-9964-428006514577}
		{0232BD2A-AA46-406B-B271-9516C55010DB} = {4CB010F1-2F96-41AF-9964-428006514577}
		{F31FABE6-52EA-4BD0-9128-33F6EF6C0D47} = {4CB010F1-2F96-41AF-9964-428006514577}
		{4CB138A1-D7CA-423E-AB7A-EA9CD9EB207F} = {4CB010F1-2F96-41AF-9964-428006514577}
		{49F52CA3-22AF-496B-B527-38056319A833} = {4CB010F1-2F96-41AF-9964-428006514577}
		{D4A079B9-24FA-4C7C-8E3C-562B10C9C95A} = {B069E0FD-6FBB-4456-B41D-FBD55DE971DF}
		{DFA87143-523D-49A3-BA77-63944C5BBC2E} = {B069E0FD-6FBB-4456-B41D-FBD55DE971DF}
		{DF6C5400-2DA3-412B-8A0E-118C13669F54} = {B069E0FD-6FBB-4456-B41D-FBD55DE971DF}
		{66A1B47E-AFFA-4324-BAFD-C07DD8F30A64} = {B069E0FD-6FBB-4456-B41D-FBD55DE971DF}
		{F6A05EF8-E7ED-4D6A-B93E-8D5C1F8F3B98} = {B069E0FD-6FBB-4456-B41D-FBD55DE971DF}
		{9115B13A-46D9-492C-A9FC-F88983B4EBDF} = {554B8347-E9D9-4216-9F83-D2491CA52B60}
		{B8E1A4D6-8198-4E85-B268-F6F0BC5A0A7C} = {554B8347-E9D9-4216-9F83-D2491CA52B60}
		{93E85898-2CE5-407C-821A-1B6D8F264D67} = {554B8347-E9D9-4216-9F83-D2491CA52B60}
		{E5BF3D07-5CFA-4E49-8D83-D804ECC35E45} = {554B8347-E9D9-4216-9F83-D2491CA52B60}
		{0B6028D0-9217-4BF4-BC95-25854D36DCAE} = {554B8347-E9D9-4216-9F83-D2491CA52B60}
		{E8340DD2-537A-4DBB-AE47-386F9DD6E9AC} = {554B8347-E9D9-4216-9F83-D2491CA52B60}
		{0D2CCAAF-399B-42DA-BF45-6C1849D14C54} = {554B8347-E9D9-4216-9F83-D2491CA52B60}
		{AFE1EE65-028C-4490-8BA8-F77D3CF0B5CC} = {1EEA1420-028A-417C-95FA-F470B30917DB}
		{01C98671-EFE8-4F2D-A19E-239F4E42AB95} = {1EEA1420-028A-417C-95FA-F470B30917DB}
		{9CDC977B-893C-4EDF-97B2-EC31CB91DE4D} = {1EEA1420-028A-417C-95FA-F470B30917DB}
		{E4666811-0085-4C60-B274-FF5D123496EE} = {1EEA1420-028A-417C-95FA-F470B30917DB}
		{2ABD4381-3D3E-4D13-9D0D-DB99B5F2D3F1} = {1EEA1420-028A-417C-95FA-F470B30917DB}
		{4F71D91D-E28F-4B30-8BD8-97366F3EDA05} = {1EEA1420-028A-417C-95FA-F470B30917DB}
		{8669A916-844D-4D3F-B053-30300E3F16D4} = {1EEA1420-028A-417C-95FA-F470B30917DB}
		{E9291923-6F41-446B-8521-454E2760BBE1} = {1EEA1420-028A-417C-95FA-F470B30917DB}
		{7864DDC5-5CB7-4BA2-BAF4-8B5322A67FCE} = {1EEA1420-028A-417C-95FA-F470B30917DB}
		{74E17F26-6B01-483E-A3CE-A15419208961} = {1EEA1420-028A-417C-95FA-F470B30917DB}
		{7CFEEF7E-A54F-47A9-84A7-05C144E1F329} = {1EEA1420-028A-417C-95FA-F470B30917DB}
		{2804ABC6-771C-4B77-A4B1-6EFBFF000918} = {1EEA1420-028A-417C-95FA-F470B30917DB}
		{AC92F9EA-DAF5-42DC-9CC1-9511ECDE1C73} = {BFF4B56F-0F50-44A5-976F-F1A4FECCEC52}
		{3E598998-B70C-4B2C-98E4-3A7C5B2B09E4} = {BFF4B56F-0F50-44A5-976F-F1A4FECCEC52}
		{0DB5B232-0A05-4B9A-A052-6049B5C92A50} = {BFF4B56F-0F50-44A5-976F-F1A4FECCEC52}
		{D6AE5971-F2D8-4CD5-8D00-3C99E5E7C95F} = {EF4A0C04-51A8-454D-855C-C67AFC1D1E26}
		{21B0CE5C-F83F-4417-9D88-914DA0B2E220} = {EF4A0C04-51A8-454D-855C-C67AFC1D1E26}
		{40F88E1A-0EDB-4209-BEE6-16D21FCCDDA1} = {EF4A0C04-51A8-454D-855C-C67AFC1D1E26}
		{98297DD3-AA62-4254-87A5-A6E4DBA2E9F5} = {EF4A0C04-51A8-454D-855C-C67AFC1D1E26}
	EndGlobalSection
EndGlobal
